// !$*UTF8*$!
{
	archiveVersion = 1;
	classes = {
	};
	objectVersion = 46;
	objects = {

/* Begin PBXBuildFile section */
		10A7EDF51BDA0170009E5166 /* WeatherInfoModel.m in Sources */ = {isa = PBXBuildFile; fileRef = 10A7EDF41BDA0170009E5166 /* WeatherInfoModel.m */; };
		10A7EDF81BDA01E6009E5166 /* WeatherDataSerializer.m in Sources */ = {isa = PBXBuildFile; fileRef = 10A7EDF71BDA01E6009E5166 /* WeatherDataSerializer.m */; };
		10E190CE1BD8CC8900816D86 /* main.m in Sources */ = {isa = PBXBuildFile; fileRef = 10E190CD1BD8CC8900816D86 /* main.m */; };
		10E190D11BD8CC8900816D86 /* AppDelegate.m in Sources */ = {isa = PBXBuildFile; fileRef = 10E190D01BD8CC8900816D86 /* AppDelegate.m */; };
		10E190D41BD8CC8900816D86 /* ViewController.m in Sources */ = {isa = PBXBuildFile; fileRef = 10E190D31BD8CC8900816D86 /* ViewController.m */; };
		10E190D71BD8CC8900816D86 /* Main.storyboard in Resources */ = {isa = PBXBuildFile; fileRef = 10E190D51BD8CC8900816D86 /* Main.storyboard */; };
		10E190D91BD8CC8900816D86 /* Assets.xcassets in Resources */ = {isa = PBXBuildFile; fileRef = 10E190D81BD8CC8900816D86 /* Assets.xcassets */; };
		10E190DC1BD8CC8900816D86 /* LaunchScreen.storyboard in Resources */ = {isa = PBXBuildFile; fileRef = 10E190DA1BD8CC8900816D86 /* LaunchScreen.storyboard */; };
		10E190E71BD8CC8900816D86 /* Networking_EncapsulationTests.m in Sources */ = {isa = PBXBuildFile; fileRef = 10E190E61BD8CC8900816D86 /* Networking_EncapsulationTests.m */; };
		10E190F21BD8CC8900816D86 /* Networking_EncapsulationUITests.m in Sources */ = {isa = PBXBuildFile; fileRef = 10E190F11BD8CC8900816D86 /* Networking_EncapsulationUITests.m */; };
		10E1915C1BD8CE4D00816D86 /* Networking.m in Sources */ = {isa = PBXBuildFile; fileRef = 10E1914C1BD8CE4D00816D86 /* Networking.m */; };
		10E1915D1BD8CE4D00816D86 /* NetworkingReachability.m in Sources */ = {isa = PBXBuildFile; fileRef = 10E1914E1BD8CE4D00816D86 /* NetworkingReachability.m */; };
		10E1915E1BD8CE4D00816D86 /* RequestDictionarySerialization.m in Sources */ = {isa = PBXBuildFile; fileRef = 10E191511BD8CE4D00816D86 /* RequestDictionarySerialization.m */; };
		10E1915F1BD8CE4D00816D86 /* ResponseDataSerialization.m in Sources */ = {isa = PBXBuildFile; fileRef = 10E191541BD8CE4D00816D86 /* ResponseDataSerialization.m */; };
		10E191601BD8CE4D00816D86 /* GetNetworking.m in Sources */ = {isa = PBXBuildFile; fileRef = 10E191571BD8CE4D00816D86 /* GetNetworking.m */; };
		10E191611BD8CE4D00816D86 /* PostNetworking.m in Sources */ = {isa = PBXBuildFile; fileRef = 10E191591BD8CE4D00816D86 /* PostNetworking.m */; };
		10E191621BD8CE4D00816D86 /* UploadNetworking.m in Sources */ = {isa = PBXBuildFile; fileRef = 10E1915B1BD8CE4D00816D86 /* UploadNetworking.m */; };
		10E1918A1BD8CEE300816D86 /* AFHTTPRequestOperation.m in Sources */ = {isa = PBXBuildFile; fileRef = 10E191651BD8CEE300816D86 /* AFHTTPRequestOperation.m */; };
		10E1918B1BD8CEE300816D86 /* AFHTTPRequestOperationManager.m in Sources */ = {isa = PBXBuildFile; fileRef = 10E191671BD8CEE300816D86 /* AFHTTPRequestOperationManager.m */; };
		10E1918C1BD8CEE300816D86 /* AFHTTPSessionManager.m in Sources */ = {isa = PBXBuildFile; fileRef = 10E191691BD8CEE300816D86 /* AFHTTPSessionManager.m */; };
		10E1918D1BD8CEE300816D86 /* AFNetworkReachabilityManager.m in Sources */ = {isa = PBXBuildFile; fileRef = 10E1916C1BD8CEE300816D86 /* AFNetworkReachabilityManager.m */; };
		10E1918E1BD8CEE300816D86 /* AFSecurityPolicy.m in Sources */ = {isa = PBXBuildFile; fileRef = 10E1916E1BD8CEE300816D86 /* AFSecurityPolicy.m */; };
		10E1918F1BD8CEE300816D86 /* AFURLConnectionOperation.m in Sources */ = {isa = PBXBuildFile; fileRef = 10E191701BD8CEE300816D86 /* AFURLConnectionOperation.m */; };
		10E191901BD8CEE300816D86 /* AFURLRequestSerialization.m in Sources */ = {isa = PBXBuildFile; fileRef = 10E191721BD8CEE300816D86 /* AFURLRequestSerialization.m */; };
		10E191911BD8CEE300816D86 /* AFURLResponseSerialization.m in Sources */ = {isa = PBXBuildFile; fileRef = 10E191741BD8CEE300816D86 /* AFURLResponseSerialization.m */; };
		10E191921BD8CEE300816D86 /* AFURLSessionManager.m in Sources */ = {isa = PBXBuildFile; fileRef = 10E191761BD8CEE300816D86 /* AFURLSessionManager.m */; };
		10E191931BD8CEE300816D86 /* AFNetworkActivityIndicatorManager.m in Sources */ = {isa = PBXBuildFile; fileRef = 10E191791BD8CEE300816D86 /* AFNetworkActivityIndicatorManager.m */; };
		10E191941BD8CEE300816D86 /* UIActivityIndicatorView+AFNetworking.m in Sources */ = {isa = PBXBuildFile; fileRef = 10E1917B1BD8CEE300816D86 /* UIActivityIndicatorView+AFNetworking.m */; };
		10E191951BD8CEE300816D86 /* UIAlertView+AFNetworking.m in Sources */ = {isa = PBXBuildFile; fileRef = 10E1917D1BD8CEE300816D86 /* UIAlertView+AFNetworking.m */; };
		10E191961BD8CEE300816D86 /* UIButton+AFNetworking.m in Sources */ = {isa = PBXBuildFile; fileRef = 10E1917F1BD8CEE300816D86 /* UIButton+AFNetworking.m */; };
		10E191971BD8CEE300816D86 /* UIImageView+AFNetworking.m in Sources */ = {isa = PBXBuildFile; fileRef = 10E191821BD8CEE300816D86 /* UIImageView+AFNetworking.m */; };
		10E191981BD8CEE300816D86 /* UIProgressView+AFNetworking.m in Sources */ = {isa = PBXBuildFile; fileRef = 10E191851BD8CEE300816D86 /* UIProgressView+AFNetworking.m */; };
		10E191991BD8CEE300816D86 /* UIRefreshControl+AFNetworking.m in Sources */ = {isa = PBXBuildFile; fileRef = 10E191871BD8CEE300816D86 /* UIRefreshControl+AFNetworking.m */; };
		10E1919A1BD8CEE300816D86 /* UIWebView+AFNetworking.m in Sources */ = {isa = PBXBuildFile; fileRef = 10E191891BD8CEE300816D86 /* UIWebView+AFNetworking.m */; };
		10E191A41BD8CF4B00816D86 /* NSArray+JSONData.m in Sources */ = {isa = PBXBuildFile; fileRef = 10E1919D1BD8CF4B00816D86 /* NSArray+JSONData.m */; };
		10E191A51BD8CF4B00816D86 /* NSData+JSONData.m in Sources */ = {isa = PBXBuildFile; fileRef = 10E1919F1BD8CF4B00816D86 /* NSData+JSONData.m */; };
		10E191A61BD8CF4B00816D86 /* NSDictionary+JSONData.m in Sources */ = {isa = PBXBuildFile; fileRef = 10E191A11BD8CF4B00816D86 /* NSDictionary+JSONData.m */; };
		10E191A71BD8CF4B00816D86 /* NSString+JSONData.m in Sources */ = {isa = PBXBuildFile; fileRef = 10E191A31BD8CF4B00816D86 /* NSString+JSONData.m */; };
/* End PBXBuildFile section */

/* Begin PBXContainerItemProxy section */
		10E190E31BD8CC8900816D86 /* PBXContainerItemProxy */ = {
			isa = PBXContainerItemProxy;
			containerPortal = 10E190C11BD8CC8900816D86 /* Project object */;
			proxyType = 1;
			remoteGlobalIDString = 10E190C81BD8CC8900816D86;
			remoteInfo = "Networking-Encapsulation";
		};
		10E190EE1BD8CC8900816D86 /* PBXContainerItemProxy */ = {
			isa = PBXContainerItemProxy;
			containerPortal = 10E190C11BD8CC8900816D86 /* Project object */;
			proxyType = 1;
			remoteGlobalIDString = 10E190C81BD8CC8900816D86;
			remoteInfo = "Networking-Encapsulation";
		};
/* End PBXContainerItemProxy section */

/* Begin PBXFileReference section */
		10A7EDF31BDA0170009E5166 /* WeatherInfoModel.h */ = {isa = PBXFileReference; fileEncoding = 4; lastKnownFileType = sourcecode.c.h; path = WeatherInfoModel.h; sourceTree = "<group>"; };
		10A7EDF41BDA0170009E5166 /* WeatherInfoModel.m */ = {isa = PBXFileReference; fileEncoding = 4; lastKnownFileType = sourcecode.c.objc; path = WeatherInfoModel.m; sourceTree = "<group>"; };
		10A7EDF61BDA01E6009E5166 /* WeatherDataSerializer.h */ = {isa = PBXFileReference; fileEncoding = 4; lastKnownFileType = sourcecode.c.h; path = WeatherDataSerializer.h; sourceTree = "<group>"; };
		10A7EDF71BDA01E6009E5166 /* WeatherDataSerializer.m */ = {isa = PBXFileReference; fileEncoding = 4; lastKnownFileType = sourcecode.c.objc; path = WeatherDataSerializer.m; sourceTree = "<group>"; };
		10E190C91BD8CC8900816D86 /* Networking-Encapsulation.app */ = {isa = PBXFileReference; explicitFileType = wrapper.application; includeInIndex = 0; path = "Networking-Encapsulation.app"; sourceTree = BUILT_PRODUCTS_DIR; };
		10E190CD1BD8CC8900816D86 /* main.m */ = {isa = PBXFileReference; lastKnownFileType = sourcecode.c.objc; path = main.m; sourceTree = "<group>"; };
		10E190CF1BD8CC8900816D86 /* AppDelegate.h */ = {isa = PBXFileReference; lastKnownFileType = sourcecode.c.h; path = AppDelegate.h; sourceTree = "<group>"; };
		10E190D01BD8CC8900816D86 /* AppDelegate.m */ = {isa = PBXFileReference; lastKnownFileType = sourcecode.c.objc; path = AppDelegate.m; sourceTree = "<group>"; };
		10E190D21BD8CC8900816D86 /* ViewController.h */ = {isa = PBXFileReference; lastKnownFileType = sourcecode.c.h; path = ViewController.h; sourceTree = "<group>"; };
		10E190D31BD8CC8900816D86 /* ViewController.m */ = {isa = PBXFileReference; lastKnownFileType = sourcecode.c.objc; path = ViewController.m; sourceTree = "<group>"; };
		10E190D61BD8CC8900816D86 /* Base */ = {isa = PBXFileReference; lastKnownFileType = file.storyboard; name = Base; path = Base.lproj/Main.storyboard; sourceTree = "<group>"; };
		10E190D81BD8CC8900816D86 /* Assets.xcassets */ = {isa = PBXFileReference; lastKnownFileType = folder.assetcatalog; path = Assets.xcassets; sourceTree = "<group>"; };
		10E190DB1BD8CC8900816D86 /* Base */ = {isa = PBXFileReference; lastKnownFileType = file.storyboard; name = Base; path = Base.lproj/LaunchScreen.storyboard; sourceTree = "<group>"; };
		10E190DD1BD8CC8900816D86 /* Info.plist */ = {isa = PBXFileReference; lastKnownFileType = text.plist.xml; path = Info.plist; sourceTree = "<group>"; };
		10E190E21BD8CC8900816D86 /* Networking-EncapsulationTests.xctest */ = {isa = PBXFileReference; explicitFileType = wrapper.cfbundle; includeInIndex = 0; path = "Networking-EncapsulationTests.xctest"; sourceTree = BUILT_PRODUCTS_DIR; };
		10E190E61BD8CC8900816D86 /* Networking_EncapsulationTests.m */ = {isa = PBXFileReference; lastKnownFileType = sourcecode.c.objc; path = Networking_EncapsulationTests.m; sourceTree = "<group>"; };
		10E190E81BD8CC8900816D86 /* Info.plist */ = {isa = PBXFileReference; lastKnownFileType = text.plist.xml; path = Info.plist; sourceTree = "<group>"; };
		10E190ED1BD8CC8900816D86 /* Networking-EncapsulationUITests.xctest */ = {isa = PBXFileReference; explicitFileType = wrapper.cfbundle; includeInIndex = 0; path = "Networking-EncapsulationUITests.xctest"; sourceTree = BUILT_PRODUCTS_DIR; };
		10E190F11BD8CC8900816D86 /* Networking_EncapsulationUITests.m */ = {isa = PBXFileReference; lastKnownFileType = sourcecode.c.objc; path = Networking_EncapsulationUITests.m; sourceTree = "<group>"; };
		10E190F31BD8CC8900816D86 /* Info.plist */ = {isa = PBXFileReference; lastKnownFileType = text.plist.xml; path = Info.plist; sourceTree = "<group>"; };
		10E1914B1BD8CE4D00816D86 /* Networking.h */ = {isa = PBXFileReference; fileEncoding = 4; lastKnownFileType = sourcecode.c.h; path = Networking.h; sourceTree = "<group>"; };
		10E1914C1BD8CE4D00816D86 /* Networking.m */ = {isa = PBXFileReference; fileEncoding = 4; lastKnownFileType = sourcecode.c.objc; path = Networking.m; sourceTree = "<group>"; };
		10E1914D1BD8CE4D00816D86 /* NetworkingReachability.h */ = {isa = PBXFileReference; fileEncoding = 4; lastKnownFileType = sourcecode.c.h; path = NetworkingReachability.h; sourceTree = "<group>"; };
		10E1914E1BD8CE4D00816D86 /* NetworkingReachability.m */ = {isa = PBXFileReference; fileEncoding = 4; lastKnownFileType = sourcecode.c.objc; path = NetworkingReachability.m; sourceTree = "<group>"; };
		10E191501BD8CE4D00816D86 /* RequestDictionarySerialization.h */ = {isa = PBXFileReference; fileEncoding = 4; lastKnownFileType = sourcecode.c.h; path = RequestDictionarySerialization.h; sourceTree = "<group>"; };
		10E191511BD8CE4D00816D86 /* RequestDictionarySerialization.m */ = {isa = PBXFileReference; fileEncoding = 4; lastKnownFileType = sourcecode.c.objc; path = RequestDictionarySerialization.m; sourceTree = "<group>"; };
		10E191531BD8CE4D00816D86 /* ResponseDataSerialization.h */ = {isa = PBXFileReference; fileEncoding = 4; lastKnownFileType = sourcecode.c.h; path = ResponseDataSerialization.h; sourceTree = "<group>"; };
		10E191541BD8CE4D00816D86 /* ResponseDataSerialization.m */ = {isa = PBXFileReference; fileEncoding = 4; lastKnownFileType = sourcecode.c.objc; path = ResponseDataSerialization.m; sourceTree = "<group>"; };
		10E191561BD8CE4D00816D86 /* GetNetworking.h */ = {isa = PBXFileReference; fileEncoding = 4; lastKnownFileType = sourcecode.c.h; path = GetNetworking.h; sourceTree = "<group>"; };
		10E191571BD8CE4D00816D86 /* GetNetworking.m */ = {isa = PBXFileReference; fileEncoding = 4; lastKnownFileType = sourcecode.c.objc; path = GetNetworking.m; sourceTree = "<group>"; };
		10E191581BD8CE4D00816D86 /* PostNetworking.h */ = {isa = PBXFileReference; fileEncoding = 4; lastKnownFileType = sourcecode.c.h; path = PostNetworking.h; sourceTree = "<group>"; };
		10E191591BD8CE4D00816D86 /* PostNetworking.m */ = {isa = PBXFileReference; fileEncoding = 4; lastKnownFileType = sourcecode.c.objc; path = PostNetworking.m; sourceTree = "<group>"; };
		10E1915A1BD8CE4D00816D86 /* UploadNetworking.h */ = {isa = PBXFileReference; fileEncoding = 4; lastKnownFileType = sourcecode.c.h; path = UploadNetworking.h; sourceTree = "<group>"; };
		10E1915B1BD8CE4D00816D86 /* UploadNetworking.m */ = {isa = PBXFileReference; fileEncoding = 4; lastKnownFileType = sourcecode.c.objc; path = UploadNetworking.m; sourceTree = "<group>"; };
		10E191641BD8CEE300816D86 /* AFHTTPRequestOperation.h */ = {isa = PBXFileReference; fileEncoding = 4; lastKnownFileType = sourcecode.c.h; path = AFHTTPRequestOperation.h; sourceTree = "<group>"; };
		10E191651BD8CEE300816D86 /* AFHTTPRequestOperation.m */ = {isa = PBXFileReference; fileEncoding = 4; lastKnownFileType = sourcecode.c.objc; path = AFHTTPRequestOperation.m; sourceTree = "<group>"; };
		10E191661BD8CEE300816D86 /* AFHTTPRequestOperationManager.h */ = {isa = PBXFileReference; fileEncoding = 4; lastKnownFileType = sourcecode.c.h; path = AFHTTPRequestOperationManager.h; sourceTree = "<group>"; };
		10E191671BD8CEE300816D86 /* AFHTTPRequestOperationManager.m */ = {isa = PBXFileReference; fileEncoding = 4; lastKnownFileType = sourcecode.c.objc; path = AFHTTPRequestOperationManager.m; sourceTree = "<group>"; };
		10E191681BD8CEE300816D86 /* AFHTTPSessionManager.h */ = {isa = PBXFileReference; fileEncoding = 4; lastKnownFileType = sourcecode.c.h; path = AFHTTPSessionManager.h; sourceTree = "<group>"; };
		10E191691BD8CEE300816D86 /* AFHTTPSessionManager.m */ = {isa = PBXFileReference; fileEncoding = 4; lastKnownFileType = sourcecode.c.objc; path = AFHTTPSessionManager.m; sourceTree = "<group>"; };
		10E1916A1BD8CEE300816D86 /* AFNetworking.h */ = {isa = PBXFileReference; fileEncoding = 4; lastKnownFileType = sourcecode.c.h; path = AFNetworking.h; sourceTree = "<group>"; };
		10E1916B1BD8CEE300816D86 /* AFNetworkReachabilityManager.h */ = {isa = PBXFileReference; fileEncoding = 4; lastKnownFileType = sourcecode.c.h; path = AFNetworkReachabilityManager.h; sourceTree = "<group>"; };
		10E1916C1BD8CEE300816D86 /* AFNetworkReachabilityManager.m */ = {isa = PBXFileReference; fileEncoding = 4; lastKnownFileType = sourcecode.c.objc; path = AFNetworkReachabilityManager.m; sourceTree = "<group>"; };
		10E1916D1BD8CEE300816D86 /* AFSecurityPolicy.h */ = {isa = PBXFileReference; fileEncoding = 4; lastKnownFileType = sourcecode.c.h; path = AFSecurityPolicy.h; sourceTree = "<group>"; };
		10E1916E1BD8CEE300816D86 /* AFSecurityPolicy.m */ = {isa = PBXFileReference; fileEncoding = 4; lastKnownFileType = sourcecode.c.objc; path = AFSecurityPolicy.m; sourceTree = "<group>"; };
		10E1916F1BD8CEE300816D86 /* AFURLConnectionOperation.h */ = {isa = PBXFileReference; fileEncoding = 4; lastKnownFileType = sourcecode.c.h; path = AFURLConnectionOperation.h; sourceTree = "<group>"; };
		10E191701BD8CEE300816D86 /* AFURLConnectionOperation.m */ = {isa = PBXFileReference; fileEncoding = 4; lastKnownFileType = sourcecode.c.objc; path = AFURLConnectionOperation.m; sourceTree = "<group>"; };
		10E191711BD8CEE300816D86 /* AFURLRequestSerialization.h */ = {isa = PBXFileReference; fileEncoding = 4; lastKnownFileType = sourcecode.c.h; path = AFURLRequestSerialization.h; sourceTree = "<group>"; };
		10E191721BD8CEE300816D86 /* AFURLRequestSerialization.m */ = {isa = PBXFileReference; fileEncoding = 4; lastKnownFileType = sourcecode.c.objc; path = AFURLRequestSerialization.m; sourceTree = "<group>"; };
		10E191731BD8CEE300816D86 /* AFURLResponseSerialization.h */ = {isa = PBXFileReference; fileEncoding = 4; lastKnownFileType = sourcecode.c.h; path = AFURLResponseSerialization.h; sourceTree = "<group>"; };
		10E191741BD8CEE300816D86 /* AFURLResponseSerialization.m */ = {isa = PBXFileReference; fileEncoding = 4; lastKnownFileType = sourcecode.c.objc; path = AFURLResponseSerialization.m; sourceTree = "<group>"; };
		10E191751BD8CEE300816D86 /* AFURLSessionManager.h */ = {isa = PBXFileReference; fileEncoding = 4; lastKnownFileType = sourcecode.c.h; path = AFURLSessionManager.h; sourceTree = "<group>"; };
		10E191761BD8CEE300816D86 /* AFURLSessionManager.m */ = {isa = PBXFileReference; fileEncoding = 4; lastKnownFileType = sourcecode.c.objc; path = AFURLSessionManager.m; sourceTree = "<group>"; };
		10E191781BD8CEE300816D86 /* AFNetworkActivityIndicatorManager.h */ = {isa = PBXFileReference; fileEncoding = 4; lastKnownFileType = sourcecode.c.h; path = AFNetworkActivityIndicatorManager.h; sourceTree = "<group>"; };
		10E191791BD8CEE300816D86 /* AFNetworkActivityIndicatorManager.m */ = {isa = PBXFileReference; fileEncoding = 4; lastKnownFileType = sourcecode.c.objc; path = AFNetworkActivityIndicatorManager.m; sourceTree = "<group>"; };
		10E1917A1BD8CEE300816D86 /* UIActivityIndicatorView+AFNetworking.h */ = {isa = PBXFileReference; fileEncoding = 4; lastKnownFileType = sourcecode.c.h; path = "UIActivityIndicatorView+AFNetworking.h"; sourceTree = "<group>"; };
		10E1917B1BD8CEE300816D86 /* UIActivityIndicatorView+AFNetworking.m */ = {isa = PBXFileReference; fileEncoding = 4; lastKnownFileType = sourcecode.c.objc; path = "UIActivityIndicatorView+AFNetworking.m"; sourceTree = "<group>"; };
		10E1917C1BD8CEE300816D86 /* UIAlertView+AFNetworking.h */ = {isa = PBXFileReference; fileEncoding = 4; lastKnownFileType = sourcecode.c.h; path = "UIAlertView+AFNetworking.h"; sourceTree = "<group>"; };
		10E1917D1BD8CEE300816D86 /* UIAlertView+AFNetworking.m */ = {isa = PBXFileReference; fileEncoding = 4; lastKnownFileType = sourcecode.c.objc; path = "UIAlertView+AFNetworking.m"; sourceTree = "<group>"; };
		10E1917E1BD8CEE300816D86 /* UIButton+AFNetworking.h */ = {isa = PBXFileReference; fileEncoding = 4; lastKnownFileType = sourcecode.c.h; path = "UIButton+AFNetworking.h"; sourceTree = "<group>"; };
		10E1917F1BD8CEE300816D86 /* UIButton+AFNetworking.m */ = {isa = PBXFileReference; fileEncoding = 4; lastKnownFileType = sourcecode.c.objc; path = "UIButton+AFNetworking.m"; sourceTree = "<group>"; };
		10E191801BD8CEE300816D86 /* UIImage+AFNetworking.h */ = {isa = PBXFileReference; fileEncoding = 4; lastKnownFileType = sourcecode.c.h; path = "UIImage+AFNetworking.h"; sourceTree = "<group>"; };
		10E191811BD8CEE300816D86 /* UIImageView+AFNetworking.h */ = {isa = PBXFileReference; fileEncoding = 4; lastKnownFileType = sourcecode.c.h; path = "UIImageView+AFNetworking.h"; sourceTree = "<group>"; };
		10E191821BD8CEE300816D86 /* UIImageView+AFNetworking.m */ = {isa = PBXFileReference; fileEncoding = 4; lastKnownFileType = sourcecode.c.objc; path = "UIImageView+AFNetworking.m"; sourceTree = "<group>"; };
		10E191831BD8CEE300816D86 /* UIKit+AFNetworking.h */ = {isa = PBXFileReference; fileEncoding = 4; lastKnownFileType = sourcecode.c.h; path = "UIKit+AFNetworking.h"; sourceTree = "<group>"; };
		10E191841BD8CEE300816D86 /* UIProgressView+AFNetworking.h */ = {isa = PBXFileReference; fileEncoding = 4; lastKnownFileType = sourcecode.c.h; path = "UIProgressView+AFNetworking.h"; sourceTree = "<group>"; };
		10E191851BD8CEE300816D86 /* UIProgressView+AFNetworking.m */ = {isa = PBXFileReference; fileEncoding = 4; lastKnownFileType = sourcecode.c.objc; path = "UIProgressView+AFNetworking.m"; sourceTree = "<group>"; };
		10E191861BD8CEE300816D86 /* UIRefreshControl+AFNetworking.h */ = {isa = PBXFileReference; fileEncoding = 4; lastKnownFileType = sourcecode.c.h; path = "UIRefreshControl+AFNetworking.h"; sourceTree = "<group>"; };
		10E191871BD8CEE300816D86 /* UIRefreshControl+AFNetworking.m */ = {isa = PBXFileReference; fileEncoding = 4; lastKnownFileType = sourcecode.c.objc; path = "UIRefreshControl+AFNetworking.m"; sourceTree = "<group>"; };
		10E191881BD8CEE300816D86 /* UIWebView+AFNetworking.h */ = {isa = PBXFileReference; fileEncoding = 4; lastKnownFileType = sourcecode.c.h; path = "UIWebView+AFNetworking.h"; sourceTree = "<group>"; };
		10E191891BD8CEE300816D86 /* UIWebView+AFNetworking.m */ = {isa = PBXFileReference; fileEncoding = 4; lastKnownFileType = sourcecode.c.objc; path = "UIWebView+AFNetworking.m"; sourceTree = "<group>"; };
		10E1919C1BD8CF4B00816D86 /* NSArray+JSONData.h */ = {isa = PBXFileReference; fileEncoding = 4; lastKnownFileType = sourcecode.c.h; path = "NSArray+JSONData.h"; sourceTree = "<group>"; };
		10E1919D1BD8CF4B00816D86 /* NSArray+JSONData.m */ = {isa = PBXFileReference; fileEncoding = 4; lastKnownFileType = sourcecode.c.objc; path = "NSArray+JSONData.m"; sourceTree = "<group>"; };
		10E1919E1BD8CF4B00816D86 /* NSData+JSONData.h */ = {isa = PBXFileReference; fileEncoding = 4; lastKnownFileType = sourcecode.c.h; path = "NSData+JSONData.h"; sourceTree = "<group>"; };
		10E1919F1BD8CF4B00816D86 /* NSData+JSONData.m */ = {isa = PBXFileReference; fileEncoding = 4; lastKnownFileType = sourcecode.c.objc; path = "NSData+JSONData.m"; sourceTree = "<group>"; };
		10E191A01BD8CF4B00816D86 /* NSDictionary+JSONData.h */ = {isa = PBXFileReference; fileEncoding = 4; lastKnownFileType = sourcecode.c.h; path = "NSDictionary+JSONData.h"; sourceTree = "<group>"; };
		10E191A11BD8CF4B00816D86 /* NSDictionary+JSONData.m */ = {isa = PBXFileReference; fileEncoding = 4; lastKnownFileType = sourcecode.c.objc; path = "NSDictionary+JSONData.m"; sourceTree = "<group>"; };
		10E191A21BD8CF4B00816D86 /* NSString+JSONData.h */ = {isa = PBXFileReference; fileEncoding = 4; lastKnownFileType = sourcecode.c.h; path = "NSString+JSONData.h"; sourceTree = "<group>"; };
		10E191A31BD8CF4B00816D86 /* NSString+JSONData.m */ = {isa = PBXFileReference; fileEncoding = 4; lastKnownFileType = sourcecode.c.objc; path = "NSString+JSONData.m"; sourceTree = "<group>"; };
/* End PBXFileReference section */

/* Begin PBXFrameworksBuildPhase section */
		10E190C61BD8CC8900816D86 /* Frameworks */ = {
			isa = PBXFrameworksBuildPhase;
			buildActionMask = 2147483647;
			files = (
			);
			runOnlyForDeploymentPostprocessing = 0;
		};
		10E190DF1BD8CC8900816D86 /* Frameworks */ = {
			isa = PBXFrameworksBuildPhase;
			buildActionMask = 2147483647;
			files = (
			);
			runOnlyForDeploymentPostprocessing = 0;
		};
		10E190EA1BD8CC8900816D86 /* Frameworks */ = {
			isa = PBXFrameworksBuildPhase;
			buildActionMask = 2147483647;
			files = (
			);
			runOnlyForDeploymentPostprocessing = 0;
		};
/* End PBXFrameworksBuildPhase section */

/* Begin PBXGroup section */
		10A7EDF91BDA03C2009E5166 /* Model + Serializer */ = {
			isa = PBXGroup;
			children = (
				10A7EDF31BDA0170009E5166 /* WeatherInfoModel.h */,
				10A7EDF41BDA0170009E5166 /* WeatherInfoModel.m */,
				10A7EDF61BDA01E6009E5166 /* WeatherDataSerializer.h */,
				10A7EDF71BDA01E6009E5166 /* WeatherDataSerializer.m */,
			);
			name = "Model + Serializer";
			sourceTree = "<group>";
		};
		10E190C01BD8CC8900816D86 = {
			isa = PBXGroup;
			children = (
				10E190CB1BD8CC8900816D86 /* Networking-Encapsulation */,
				10E190E51BD8CC8900816D86 /* Networking-EncapsulationTests */,
				10E190F01BD8CC8900816D86 /* Networking-EncapsulationUITests */,
				10E190CA1BD8CC8900816D86 /* Products */,
			);
			sourceTree = "<group>";
		};
		10E190CA1BD8CC8900816D86 /* Products */ = {
			isa = PBXGroup;
			children = (
				10E190C91BD8CC8900816D86 /* Networking-Encapsulation.app */,
				10E190E21BD8CC8900816D86 /* Networking-EncapsulationTests.xctest */,
				10E190ED1BD8CC8900816D86 /* Networking-EncapsulationUITests.xctest */,
			);
			name = Products;
			sourceTree = "<group>";
		};
		10E190CB1BD8CC8900816D86 /* Networking-Encapsulation */ = {
			isa = PBXGroup;
			children = (
				10A7EDF91BDA03C2009E5166 /* Model + Serializer */,
				10E190CF1BD8CC8900816D86 /* AppDelegate.h */,
				10E190D01BD8CC8900816D86 /* AppDelegate.m */,
				10E190D21BD8CC8900816D86 /* ViewController.h */,
				10E190D31BD8CC8900816D86 /* ViewController.m */,
				10E1919B1BD8CF4B00816D86 /* JSONKit */,
				10E191631BD8CEE300816D86 /* AFNetworking */,
				10E191771BD8CEE300816D86 /* UIKit+AFNetworking */,
				10E191491BD8CE4D00816D86 /* Networking */,
				10E190D51BD8CC8900816D86 /* Main.storyboard */,
				10E190D81BD8CC8900816D86 /* Assets.xcassets */,
				10E190DA1BD8CC8900816D86 /* LaunchScreen.storyboard */,
				10E190DD1BD8CC8900816D86 /* Info.plist */,
				10E190CC1BD8CC8900816D86 /* Supporting Files */,
			);
			path = "Networking-Encapsulation";
			sourceTree = "<group>";
		};
		10E190CC1BD8CC8900816D86 /* Supporting Files */ = {
			isa = PBXGroup;
			children = (
				10E190CD1BD8CC8900816D86 /* main.m */,
			);
			name = "Supporting Files";
			sourceTree = "<group>";
		};
		10E190E51BD8CC8900816D86 /* Networking-EncapsulationTests */ = {
			isa = PBXGroup;
			children = (
				10E190E61BD8CC8900816D86 /* Networking_EncapsulationTests.m */,
				10E190E81BD8CC8900816D86 /* Info.plist */,
			);
			path = "Networking-EncapsulationTests";
			sourceTree = "<group>";
		};
		10E190F01BD8CC8900816D86 /* Networking-EncapsulationUITests */ = {
			isa = PBXGroup;
			children = (
				10E190F11BD8CC8900816D86 /* Networking_EncapsulationUITests.m */,
				10E190F31BD8CC8900816D86 /* Info.plist */,
			);
			path = "Networking-EncapsulationUITests";
			sourceTree = "<group>";
		};
		10E191491BD8CE4D00816D86 /* Networking */ = {
			isa = PBXGroup;
			children = (
				10E1914A1BD8CE4D00816D86 /* AbstractNetworking */,
				10E1914F1BD8CE4D00816D86 /* AbstractRequestDictionarySerialization */,
				10E191521BD8CE4D00816D86 /* AbstractResponseDataSerialization */,
				10E191551BD8CE4D00816D86 /* ConcreteNetworking */,
			);
			path = Networking;
			sourceTree = "<group>";
		};
		10E1914A1BD8CE4D00816D86 /* AbstractNetworking */ = {
			isa = PBXGroup;
			children = (
				10E1914B1BD8CE4D00816D86 /* Networking.h */,
				10E1914C1BD8CE4D00816D86 /* Networking.m */,
				10E1914D1BD8CE4D00816D86 /* NetworkingReachability.h */,
				10E1914E1BD8CE4D00816D86 /* NetworkingReachability.m */,
			);
			path = AbstractNetworking;
			sourceTree = "<group>";
		};
		10E1914F1BD8CE4D00816D86 /* AbstractRequestDictionarySerialization */ = {
			isa = PBXGroup;
			children = (
				10E191501BD8CE4D00816D86 /* RequestDictionarySerialization.h */,
				10E191511BD8CE4D00816D86 /* RequestDictionarySerialization.m */,
			);
			path = AbstractRequestDictionarySerialization;
			sourceTree = "<group>";
		};
		10E191521BD8CE4D00816D86 /* AbstractResponseDataSerialization */ = {
			isa = PBXGroup;
			children = (
				10E191531BD8CE4D00816D86 /* ResponseDataSerialization.h */,
				10E191541BD8CE4D00816D86 /* ResponseDataSerialization.m */,
			);
			path = AbstractResponseDataSerialization;
			sourceTree = "<group>";
		};
		10E191551BD8CE4D00816D86 /* ConcreteNetworking */ = {
			isa = PBXGroup;
			children = (
				10E191561BD8CE4D00816D86 /* GetNetworking.h */,
				10E191571BD8CE4D00816D86 /* GetNetworking.m */,
				10E191581BD8CE4D00816D86 /* PostNetworking.h */,
				10E191591BD8CE4D00816D86 /* PostNetworking.m */,
				10E1915A1BD8CE4D00816D86 /* UploadNetworking.h */,
				10E1915B1BD8CE4D00816D86 /* UploadNetworking.m */,
			);
			path = ConcreteNetworking;
			sourceTree = "<group>";
		};
		10E191631BD8CEE300816D86 /* AFNetworking */ = {
			isa = PBXGroup;
			children = (
				10E191641BD8CEE300816D86 /* AFHTTPRequestOperation.h */,
				10E191651BD8CEE300816D86 /* AFHTTPRequestOperation.m */,
				10E191661BD8CEE300816D86 /* AFHTTPRequestOperationManager.h */,
				10E191671BD8CEE300816D86 /* AFHTTPRequestOperationManager.m */,
				10E191681BD8CEE300816D86 /* AFHTTPSessionManager.h */,
				10E191691BD8CEE300816D86 /* AFHTTPSessionManager.m */,
				10E1916A1BD8CEE300816D86 /* AFNetworking.h */,
				10E1916B1BD8CEE300816D86 /* AFNetworkReachabilityManager.h */,
				10E1916C1BD8CEE300816D86 /* AFNetworkReachabilityManager.m */,
				10E1916D1BD8CEE300816D86 /* AFSecurityPolicy.h */,
				10E1916E1BD8CEE300816D86 /* AFSecurityPolicy.m */,
				10E1916F1BD8CEE300816D86 /* AFURLConnectionOperation.h */,
				10E191701BD8CEE300816D86 /* AFURLConnectionOperation.m */,
				10E191711BD8CEE300816D86 /* AFURLRequestSerialization.h */,
				10E191721BD8CEE300816D86 /* AFURLRequestSerialization.m */,
				10E191731BD8CEE300816D86 /* AFURLResponseSerialization.h */,
				10E191741BD8CEE300816D86 /* AFURLResponseSerialization.m */,
				10E191751BD8CEE300816D86 /* AFURLSessionManager.h */,
				10E191761BD8CEE300816D86 /* AFURLSessionManager.m */,
			);
			path = AFNetworking;
			sourceTree = "<group>";
		};
		10E191771BD8CEE300816D86 /* UIKit+AFNetworking */ = {
			isa = PBXGroup;
			children = (
				10E191781BD8CEE300816D86 /* AFNetworkActivityIndicatorManager.h */,
				10E191791BD8CEE300816D86 /* AFNetworkActivityIndicatorManager.m */,
				10E1917A1BD8CEE300816D86 /* UIActivityIndicatorView+AFNetworking.h */,
				10E1917B1BD8CEE300816D86 /* UIActivityIndicatorView+AFNetworking.m */,
				10E1917C1BD8CEE300816D86 /* UIAlertView+AFNetworking.h */,
				10E1917D1BD8CEE300816D86 /* UIAlertView+AFNetworking.m */,
				10E1917E1BD8CEE300816D86 /* UIButton+AFNetworking.h */,
				10E1917F1BD8CEE300816D86 /* UIButton+AFNetworking.m */,
				10E191801BD8CEE300816D86 /* UIImage+AFNetworking.h */,
				10E191811BD8CEE300816D86 /* UIImageView+AFNetworking.h */,
				10E191821BD8CEE300816D86 /* UIImageView+AFNetworking.m */,
				10E191831BD8CEE300816D86 /* UIKit+AFNetworking.h */,
				10E191841BD8CEE300816D86 /* UIProgressView+AFNetworking.h */,
				10E191851BD8CEE300816D86 /* UIProgressView+AFNetworking.m */,
				10E191861BD8CEE300816D86 /* UIRefreshControl+AFNetworking.h */,
				10E191871BD8CEE300816D86 /* UIRefreshControl+AFNetworking.m */,
				10E191881BD8CEE300816D86 /* UIWebView+AFNetworking.h */,
				10E191891BD8CEE300816D86 /* UIWebView+AFNetworking.m */,
			);
			path = "UIKit+AFNetworking";
			sourceTree = "<group>";
		};
		10E1919B1BD8CF4B00816D86 /* JSONKit */ = {
			isa = PBXGroup;
			children = (
				10E1919C1BD8CF4B00816D86 /* NSArray+JSONData.h */,
				10E1919D1BD8CF4B00816D86 /* NSArray+JSONData.m */,
				10E1919E1BD8CF4B00816D86 /* NSData+JSONData.h */,
				10E1919F1BD8CF4B00816D86 /* NSData+JSONData.m */,
				10E191A01BD8CF4B00816D86 /* NSDictionary+JSONData.h */,
				10E191A11BD8CF4B00816D86 /* NSDictionary+JSONData.m */,
				10E191A21BD8CF4B00816D86 /* NSString+JSONData.h */,
				10E191A31BD8CF4B00816D86 /* NSString+JSONData.m */,
			);
			path = JSONKit;
			sourceTree = "<group>";
		};
/* End PBXGroup section */

/* Begin PBXNativeTarget section */
		10E190C81BD8CC8900816D86 /* Networking-Encapsulation */ = {
			isa = PBXNativeTarget;
			buildConfigurationList = 10E190F61BD8CC8900816D86 /* Build configuration list for PBXNativeTarget "Networking-Encapsulation" */;
			buildPhases = (
				10E190C51BD8CC8900816D86 /* Sources */,
				10E190C61BD8CC8900816D86 /* Frameworks */,
				10E190C71BD8CC8900816D86 /* Resources */,
			);
			buildRules = (
			);
			dependencies = (
			);
			name = "Networking-Encapsulation";
			productName = "Networking-Encapsulation";
			productReference = 10E190C91BD8CC8900816D86 /* Networking-Encapsulation.app */;
			productType = "com.apple.product-type.application";
		};
		10E190E11BD8CC8900816D86 /* Networking-EncapsulationTests */ = {
			isa = PBXNativeTarget;
			buildConfigurationList = 10E190F91BD8CC8900816D86 /* Build configuration list for PBXNativeTarget "Networking-EncapsulationTests" */;
			buildPhases = (
				10E190DE1BD8CC8900816D86 /* Sources */,
				10E190DF1BD8CC8900816D86 /* Frameworks */,
				10E190E01BD8CC8900816D86 /* Resources */,
			);
			buildRules = (
			);
			dependencies = (
				10E190E41BD8CC8900816D86 /* PBXTargetDependency */,
			);
			name = "Networking-EncapsulationTests";
			productName = "Networking-EncapsulationTests";
			productReference = 10E190E21BD8CC8900816D86 /* Networking-EncapsulationTests.xctest */;
			productType = "com.apple.product-type.bundle.unit-test";
		};
		10E190EC1BD8CC8900816D86 /* Networking-EncapsulationUITests */ = {
			isa = PBXNativeTarget;
			buildConfigurationList = 10E190FC1BD8CC8900816D86 /* Build configuration list for PBXNativeTarget "Networking-EncapsulationUITests" */;
			buildPhases = (
				10E190E91BD8CC8900816D86 /* Sources */,
				10E190EA1BD8CC8900816D86 /* Frameworks */,
				10E190EB1BD8CC8900816D86 /* Resources */,
			);
			buildRules = (
			);
			dependencies = (
				10E190EF1BD8CC8900816D86 /* PBXTargetDependency */,
			);
			name = "Networking-EncapsulationUITests";
			productName = "Networking-EncapsulationUITests";
			productReference = 10E190ED1BD8CC8900816D86 /* Networking-EncapsulationUITests.xctest */;
			productType = "com.apple.product-type.bundle.ui-testing";
		};
/* End PBXNativeTarget section */

/* Begin PBXProject section */
		10E190C11BD8CC8900816D86 /* Project object */ = {
			isa = PBXProject;
			attributes = {
				LastUpgradeCheck = 0700;
				ORGANIZATIONNAME = ZiPeiYi;
				TargetAttributes = {
					10E190C81BD8CC8900816D86 = {
						CreatedOnToolsVersion = 7.0.1;
					};
					10E190E11BD8CC8900816D86 = {
						CreatedOnToolsVersion = 7.0.1;
						TestTargetID = 10E190C81BD8CC8900816D86;
					};
					10E190EC1BD8CC8900816D86 = {
						CreatedOnToolsVersion = 7.0.1;
						TestTargetID = 10E190C81BD8CC8900816D86;
					};
				};
			};
			buildConfigurationList = 10E190C41BD8CC8900816D86 /* Build configuration list for PBXProject "Networking-Encapsulation" */;
			compatibilityVersion = "Xcode 3.2";
			developmentRegion = English;
			hasScannedForEncodings = 0;
			knownRegions = (
				en,
				Base,
			);
			mainGroup = 10E190C01BD8CC8900816D86;
			productRefGroup = 10E190CA1BD8CC8900816D86 /* Products */;
			projectDirPath = "";
			projectRoot = "";
			targets = (
				10E190C81BD8CC8900816D86 /* Networking-Encapsulation */,
				10E190E11BD8CC8900816D86 /* Networking-EncapsulationTests */,
				10E190EC1BD8CC8900816D86 /* Networking-EncapsulationUITests */,
			);
		};
/* End PBXProject section */

/* Begin PBXResourcesBuildPhase section */
		10E190C71BD8CC8900816D86 /* Resources */ = {
			isa = PBXResourcesBuildPhase;
			buildActionMask = 2147483647;
			files = (
				10E190DC1BD8CC8900816D86 /* LaunchScreen.storyboard in Resources */,
				10E190D91BD8CC8900816D86 /* Assets.xcassets in Resources */,
				10E190D71BD8CC8900816D86 /* Main.storyboard in Resources */,
			);
			runOnlyForDeploymentPostprocessing = 0;
		};
		10E190E01BD8CC8900816D86 /* Resources */ = {
			isa = PBXResourcesBuildPhase;
			buildActionMask = 2147483647;
			files = (
			);
			runOnlyForDeploymentPostprocessing = 0;
		};
		10E190EB1BD8CC8900816D86 /* Resources */ = {
			isa = PBXResourcesBuildPhase;
			buildActionMask = 2147483647;
			files = (
			);
			runOnlyForDeploymentPostprocessing = 0;
		};
/* End PBXResourcesBuildPhase section */

/* Begin PBXSourcesBuildPhase section */
		10E190C51BD8CC8900816D86 /* Sources */ = {
			isa = PBXSourcesBuildPhase;
			buildActionMask = 2147483647;
			files = (
				10E1918F1BD8CEE300816D86 /* AFURLConnectionOperation.m in Sources */,
				10E1915D1BD8CE4D00816D86 /* NetworkingReachability.m in Sources */,
				10E1918E1BD8CEE300816D86 /* AFSecurityPolicy.m in Sources */,
				10A7EDF81BDA01E6009E5166 /* WeatherDataSerializer.m in Sources */,
				10E190D41BD8CC8900816D86 /* ViewController.m in Sources */,
				10E191981BD8CEE300816D86 /* UIProgressView+AFNetworking.m in Sources */,
				10E191951BD8CEE300816D86 /* UIAlertView+AFNetworking.m in Sources */,
				10E191931BD8CEE300816D86 /* AFNetworkActivityIndicatorManager.m in Sources */,
				10E1918B1BD8CEE300816D86 /* AFHTTPRequestOperationManager.m in Sources */,
				10E191961BD8CEE300816D86 /* UIButton+AFNetworking.m in Sources */,
				10E191941BD8CEE300816D86 /* UIActivityIndicatorView+AFNetworking.m in Sources */,
				10E191621BD8CE4D00816D86 /* UploadNetworking.m in Sources */,
				10E1919A1BD8CEE300816D86 /* UIWebView+AFNetworking.m in Sources */,
				10E191601BD8CE4D00816D86 /* GetNetworking.m in Sources */,
				10E1915F1BD8CE4D00816D86 /* ResponseDataSerialization.m in Sources */,
				10E191611BD8CE4D00816D86 /* PostNetworking.m in Sources */,
				10E1915E1BD8CE4D00816D86 /* RequestDictionarySerialization.m in Sources */,
				10E191A71BD8CF4B00816D86 /* NSString+JSONData.m in Sources */,
				10E191921BD8CEE300816D86 /* AFURLSessionManager.m in Sources */,
				10E191A51BD8CF4B00816D86 /* NSData+JSONData.m in Sources */,
				10E191911BD8CEE300816D86 /* AFURLResponseSerialization.m in Sources */,
				10E1915C1BD8CE4D00816D86 /* Networking.m in Sources */,
				10E190D11BD8CC8900816D86 /* AppDelegate.m in Sources */,
				10E191A41BD8CF4B00816D86 /* NSArray+JSONData.m in Sources */,
				10E191A61BD8CF4B00816D86 /* NSDictionary+JSONData.m in Sources */,
				10E191901BD8CEE300816D86 /* AFURLRequestSerialization.m in Sources */,
				10E191991BD8CEE300816D86 /* UIRefreshControl+AFNetworking.m in Sources */,
				10A7EDF51BDA0170009E5166 /* WeatherInfoModel.m in Sources */,
				10E191971BD8CEE300816D86 /* UIImageView+AFNetworking.m in Sources */,
				10E1918D1BD8CEE300816D86 /* AFNetworkReachabilityManager.m in Sources */,
				10E190CE1BD8CC8900816D86 /* main.m in Sources */,
				10E1918A1BD8CEE300816D86 /* AFHTTPRequestOperation.m in Sources */,
				10E1918C1BD8CEE300816D86 /* AFHTTPSessionManager.m in Sources */,
			);
			runOnlyForDeploymentPostprocessing = 0;
		};
		10E190DE1BD8CC8900816D86 /* Sources */ = {
			isa = PBXSourcesBuildPhase;
			buildActionMask = 2147483647;
			files = (
				10E190E71BD8CC8900816D86 /* Networking_EncapsulationTests.m in Sources */,
			);
			runOnlyForDeploymentPostprocessing = 0;
		};
		10E190E91BD8CC8900816D86 /* Sources */ = {
			isa = PBXSourcesBuildPhase;
			buildActionMask = 2147483647;
			files = (
				10E190F21BD8CC8900816D86 /* Networking_EncapsulationUITests.m in Sources */,
			);
			runOnlyForDeploymentPostprocessing = 0;
		};
/* End PBXSourcesBuildPhase section */

/* Begin PBXTargetDependency section */
		10E190E41BD8CC8900816D86 /* PBXTargetDependency */ = {
			isa = PBXTargetDependency;
			target = 10E190C81BD8CC8900816D86 /* Networking-Encapsulation */;
			targetProxy = 10E190E31BD8CC8900816D86 /* PBXContainerItemProxy */;
		};
		10E190EF1BD8CC8900816D86 /* PBXTargetDependency */ = {
			isa = PBXTargetDependency;
			target = 10E190C81BD8CC8900816D86 /* Networking-Encapsulation */;
			targetProxy = 10E190EE1BD8CC8900816D86 /* PBXContainerItemProxy */;
		};
/* End PBXTargetDependency section */

/* Begin PBXVariantGroup section */
		10E190D51BD8CC8900816D86 /* Main.storyboard */ = {
			isa = PBXVariantGroup;
			children = (
				10E190D61BD8CC8900816D86 /* Base */,
			);
			name = Main.storyboard;
			sourceTree = "<group>";
		};
		10E190DA1BD8CC8900816D86 /* LaunchScreen.storyboard */ = {
			isa = PBXVariantGroup;
			children = (
				10E190DB1BD8CC8900816D86 /* Base */,
			);
			name = LaunchScreen.storyboard;
			sourceTree = "<group>";
		};
/* End PBXVariantGroup section */

/* Begin XCBuildConfiguration section */
		10E190F41BD8CC8900816D86 /* Debug */ = {
			isa = XCBuildConfiguration;
			buildSettings = {
				ALWAYS_SEARCH_USER_PATHS = NO;
				CLANG_CXX_LANGUAGE_STANDARD = "gnu++0x";
				CLANG_CXX_LIBRARY = "libc++";
				CLANG_ENABLE_MODULES = YES;
				CLANG_ENABLE_OBJC_ARC = YES;
				CLANG_WARN_BOOL_CONVERSION = YES;
				CLANG_WARN_CONSTANT_CONVERSION = YES;
				CLANG_WARN_DIRECT_OBJC_ISA_USAGE = YES_ERROR;
				CLANG_WARN_EMPTY_BODY = YES;
				CLANG_WARN_ENUM_CONVERSION = YES;
				CLANG_WARN_INT_CONVERSION = YES;
				CLANG_WARN_OBJC_ROOT_CLASS = YES_ERROR;
				CLANG_WARN_UNREACHABLE_CODE = YES;
				CLANG_WARN__DUPLICATE_METHOD_MATCH = YES;
				"CODE_SIGN_IDENTITY[sdk=iphoneos*]" = "iPhone Developer";
				COPY_PHASE_STRIP = NO;
				DEBUG_INFORMATION_FORMAT = dwarf;
				ENABLE_STRICT_OBJC_MSGSEND = YES;
				ENABLE_TESTABILITY = YES;
				GCC_C_LANGUAGE_STANDARD = gnu99;
				GCC_DYNAMIC_NO_PIC = NO;
				GCC_NO_COMMON_BLOCKS = YES;
				GCC_OPTIMIZATION_LEVEL = 0;
				GCC_PREPROCESSOR_DEFINITIONS = (
					"DEBUG=1",
					"$(inherited)",
				);
				GCC_WARN_64_TO_32_BIT_CONVERSION = YES;
				GCC_WARN_ABOUT_RETURN_TYPE = YES_ERROR;
				GCC_WARN_UNDECLARED_SELECTOR = YES;
				GCC_WARN_UNINITIALIZED_AUTOS = YES_AGGRESSIVE;
				GCC_WARN_UNUSED_FUNCTION = YES;
				GCC_WARN_UNUSED_VARIABLE = YES;
				IPHONEOS_DEPLOYMENT_TARGET = 9.0;
				MTL_ENABLE_DEBUG_INFO = YES;
				ONLY_ACTIVE_ARCH = YES;
				SDKROOT = iphoneos;
			};
			name = Debug;
		};
		10E190F51BD8CC8900816D86 /* Release */ = {
			isa = XCBuildConfiguration;
			buildSettings = {
				ALWAYS_SEARCH_USER_PATHS = NO;
				CLANG_CXX_LANGUAGE_STANDARD = "gnu++0x";
				CLANG_CXX_LIBRARY = "libc++";
				CLANG_ENABLE_MODULES = YES;
				CLANG_ENABLE_OBJC_ARC = YES;
				CLANG_WARN_BOOL_CONVERSION = YES;
				CLANG_WARN_CONSTANT_CONVERSION = YES;
				CLANG_WARN_DIRECT_OBJC_ISA_USAGE = YES_ERROR;
				CLANG_WARN_EMPTY_BODY = YES;
				CLANG_WARN_ENUM_CONVERSION = YES;
				CLANG_WARN_INT_CONVERSION = YES;
				CLANG_WARN_OBJC_ROOT_CLASS = YES_ERROR;
				CLANG_WARN_UNREACHABLE_CODE = YES;
				CLANG_WARN__DUPLICATE_METHOD_MATCH = YES;
				"CODE_SIGN_IDENTITY[sdk=iphoneos*]" = "iPhone Developer";
				COPY_PHASE_STRIP = NO;
				DEBUG_INFORMATION_FORMAT = "dwarf-with-dsym";
				ENABLE_NS_ASSERTIONS = NO;
				ENABLE_STRICT_OBJC_MSGSEND = YES;
				GCC_C_LANGUAGE_STANDARD = gnu99;
				GCC_NO_COMMON_BLOCKS = YES;
				GCC_WARN_64_TO_32_BIT_CONVERSION = YES;
				GCC_WARN_ABOUT_RETURN_TYPE = YES_ERROR;
				GCC_WARN_UNDECLARED_SELECTOR = YES;
				GCC_WARN_UNINITIALIZED_AUTOS = YES_AGGRESSIVE;
				GCC_WARN_UNUSED_FUNCTION = YES;
				GCC_WARN_UNUSED_VARIABLE = YES;
				IPHONEOS_DEPLOYMENT_TARGET = 9.0;
				MTL_ENABLE_DEBUG_INFO = NO;
				SDKROOT = iphoneos;
				VALIDATE_PRODUCT = YES;
			};
			name = Release;
		};
		10E190F71BD8CC8900816D86 /* Debug */ = {
			isa = XCBuildConfiguration;
			buildSettings = {
				ASSETCATALOG_COMPILER_APPICON_NAME = AppIcon;
				INFOPLIST_FILE = "Networking-Encapsulation/Info.plist";
				LD_RUNPATH_SEARCH_PATHS = "$(inherited) @executable_path/Frameworks";
				PRODUCT_BUNDLE_IDENTIFIER = "mc.TextCapital.Networking-Encapsulation";
				PRODUCT_NAME = "$(TARGET_NAME)";
			};
			name = Debug;
		};
		10E190F81BD8CC8900816D86 /* Release */ = {
			isa = XCBuildConfiguration;
			buildSettings = {
				ASSETCATALOG_COMPILER_APPICON_NAME = AppIcon;
				INFOPLIST_FILE = "Networking-Encapsulation/Info.plist";
				LD_RUNPATH_SEARCH_PATHS = "$(inherited) @executable_path/Frameworks";
				PRODUCT_BUNDLE_IDENTIFIER = "mc.TextCapital.Networking-Encapsulation";
				PRODUCT_NAME = "$(TARGET_NAME)";
			};
			name = Release;
		};
		10E190FA1BD8CC8900816D86 /* Debug */ = {
			isa = XCBuildConfiguration;
			buildSettings = {
				BUNDLE_LOADER = "$(TEST_HOST)";
				INFOPLIST_FILE = "Networking-EncapsulationTests/Info.plist";
				LD_RUNPATH_SEARCH_PATHS = "$(inherited) @executable_path/Frameworks @loader_path/Frameworks";
				PRODUCT_BUNDLE_IDENTIFIER = "mc.TextCapital.Networking-EncapsulationTests";
				PRODUCT_NAME = "$(TARGET_NAME)";
				TEST_HOST = "$(BUILT_PRODUCTS_DIR)/Networking-Encapsulation.app/Networking-Encapsulation";
			};
			name = Debug;
		};
		10E190FB1BD8CC8900816D86 /* Release */ = {
			isa = XCBuildConfiguration;
			buildSettings = {
				BUNDLE_LOADER = "$(TEST_HOST)";
				INFOPLIST_FILE = "Networking-EncapsulationTests/Info.plist";
				LD_RUNPATH_SEARCH_PATHS = "$(inherited) @executable_path/Frameworks @loader_path/Frameworks";
				PRODUCT_BUNDLE_IDENTIFIER = "mc.TextCapital.Networking-EncapsulationTests";
				PRODUCT_NAME = "$(TARGET_NAME)";
				TEST_HOST = "$(BUILT_PRODUCTS_DIR)/Networking-Encapsulation.app/Networking-Encapsulation";
			};
			name = Release;
		};
		10E190FD1BD8CC8900816D86 /* Debug */ = {
			isa = XCBuildConfiguration;
			buildSettings = {
				INFOPLIST_FILE = "Networking-EncapsulationUITests/Info.plist";
				LD_RUNPATH_SEARCH_PATHS = "$(inherited) @executable_path/Frameworks @loader_path/Frameworks";
				PRODUCT_BUNDLE_IDENTIFIER = "mc.TextCapital.Networking-EncapsulationUITests";
				PRODUCT_NAME = "$(TARGET_NAME)";
				TEST_TARGET_NAME = "Networking-Encapsulation";
				USES_XCTRUNNER = YES;
			};
			name = Debug;
		};
		10E190FE1BD8CC8900816D86 /* Release */ = {
			isa = XCBuildConfiguration;
			buildSettings = {
				INFOPLIST_FILE = "Networking-EncapsulationUITests/Info.plist";
				LD_RUNPATH_SEARCH_PATHS = "$(inherited) @executable_path/Frameworks @loader_path/Frameworks";
				PRODUCT_BUNDLE_IDENTIFIER = "mc.TextCapital.Networking-EncapsulationUITests";
				PRODUCT_NAME = "$(TARGET_NAME)";
				TEST_TARGET_NAME = "Networking-Encapsulation";
				USES_XCTRUNNER = YES;
			};
			name = Release;
		};
/* End XCBuildConfiguration section */

/* Begin XCConfigurationList section */
		10E190C41BD8CC8900816D86 /* Build configuration list for PBXProject "Networking-Encapsulation" */ = {
			isa = XCConfigurationList;
			buildConfigurations = (
				10E190F41BD8CC8900816D86 /* Debug */,
				10E190F51BD8CC8900816D86 /* Release */,
			);
			defaultConfigurationIsVisible = 0;
			defaultConfigurationName = Release;
		};
		10E190F61BD8CC8900816D86 /* Build configuration list for PBXNativeTarget "Networking-Encapsulation" */ = {
			isa = XCConfigurationList;
			buildConfigurations = (
				10E190F71BD8CC8900816D86 /* Debug */,
				10E190F81BD8CC8900816D86 /* Release */,
			);
			defaultConfigurationIsVisible = 0;
			defaultConfigurationName = Release;
		};
		10E190F91BD8CC8900816D86 /* Build configuration list for PBXNativeTarget "Networking-EncapsulationTests" */ = {
			isa = XCConfigurationList;
			buildConfigurations = (
				10E190FA1BD8CC8900816D86 /* Debug */,
				10E190FB1BD8CC8900816D86 /* Release */,
			);
			defaultConfigurationIsVisible = 0;
			defaultConfigurationName = Release;
		};
		10E190FC1BD8CC8900816D86 /* Build configuration list for PBXNativeTarget "Networking-EncapsulationUITests" */ = {
			isa = XCConfigurationList;
			buildConfigurations = (
				10E190FD1BD8CC8900816D86 /* Debug */,
				10E190FE1BD8CC8900816D86 /* Release */,
			);
			defaultConfigurationIsVisible = 0;
			defaultConfigurationName = Release;
		};
/* End XCConfigurationList section */
	};
	rootObject = 10E190C11BD8CC8900816D86 /* Project object */;
}
