// !$*UTF8*$!
{
	archiveVersion = 1;
	classes = {
	};
	objectVersion = 46;
	objects = {

/* Begin PBXBuildFile section */
		C55DD8341D6B03B500F94F2B /* AppDelegate.swift in Sources */ = {isa = PBXBuildFile; fileRef = C55DD8331D6B03B500F94F2B /* AppDelegate.swift */; };
		C55DD8361D6B03B500F94F2B /* ViewController.swift in Sources */ = {isa = PBXBuildFile; fileRef = C55DD8351D6B03B500F94F2B /* ViewController.swift */; };
		C55DD8391D6B03B500F94F2B /* Main.storyboard in Resources */ = {isa = PBXBuildFile; fileRef = C55DD8371D6B03B500F94F2B /* Main.storyboard */; };
		C55DD83B1D6B03B500F94F2B /* Assets.xcassets in Resources */ = {isa = PBXBuildFile; fileRef = C55DD83A1D6B03B500F94F2B /* Assets.xcassets */; };
		C55DD83E1D6B03B500F94F2B /* LaunchScreen.storyboard in Resources */ = {isa = PBXBuildFile; fileRef = C55DD83C1D6B03B500F94F2B /* LaunchScreen.storyboard */; };
		C55DD85B1D6B10FF00F94F2B /* Alamofire.framework in Frameworks */ = {isa = PBXBuildFile; fileRef = C55DD84E1D6B03E600F94F2B /* Alamofire.framework */; };
		C55DD85C1D6B10FF00F94F2B /* Alamofire.framework in Embed Frameworks */ = {isa = PBXBuildFile; fileRef = C55DD84E1D6B03E600F94F2B /* Alamofire.framework */; settings = {ATTRIBUTES = (CodeSignOnCopy, RemoveHeadersOnCopy, ); }; };
/* End PBXBuildFile section */

/* Begin PBXContainerItemProxy section */
		C55DD84D1D6B03E600F94F2B /* PBXContainerItemProxy */ = {
			isa = PBXContainerItemProxy;
			containerPortal = C55DD8451D6B03E500F94F2B /* Alamofire.xcodeproj */;
			proxyType = 2;
			remoteGlobalIDString = F8111E3319A95C8B0040E7D1;
			remoteInfo = "Alamofire iOS";
		};
		C55DD84F1D6B03E600F94F2B /* PBXContainerItemProxy */ = {
			isa = PBXContainerItemProxy;
			containerPortal = C55DD8451D6B03E500F94F2B /* Alamofire.xcodeproj */;
			proxyType = 2;
			remoteGlobalIDString = 4DD67C0B1A5C55C900ED2280;
			remoteInfo = "Alamofire OSX";
		};
		C55DD8511D6B03E600F94F2B /* PBXContainerItemProxy */ = {
			isa = PBXContainerItemProxy;
			containerPortal = C55DD8451D6B03E500F94F2B /* Alamofire.xcodeproj */;
			proxyType = 2;
			remoteGlobalIDString = 4CF626EF1BA7CB3E0011A099;
			remoteInfo = "Alamofire tvOS";
		};
		C55DD8531D6B03E600F94F2B /* PBXContainerItemProxy */ = {
			isa = PBXContainerItemProxy;
			containerPortal = C55DD8451D6B03E500F94F2B /* Alamofire.xcodeproj */;
			proxyType = 2;
			remoteGlobalIDString = E4202FE01B667AA100C997FB;
			remoteInfo = "Alamofire watchOS";
		};
		C55DD85D1D6B10FF00F94F2B /* PBXContainerItemProxy */ = {
			isa = PBXContainerItemProxy;
			containerPortal = C55DD8451D6B03E500F94F2B /* Alamofire.xcodeproj */;
			proxyType = 1;
			remoteGlobalIDString = F8111E3219A95C8B0040E7D1;
			remoteInfo = "Alamofire iOS";
		};
/* End PBXContainerItemProxy section */

/* Begin PBXCopyFilesBuildPhase section */
		C55DD85F1D6B10FF00F94F2B /* Embed Frameworks */ = {
			isa = PBXCopyFilesBuildPhase;
			buildActionMask = 2147483647;
			dstPath = "";
			dstSubfolderSpec = 10;
			files = (
				C55DD85C1D6B10FF00F94F2B /* Alamofire.framework in Embed Frameworks */,
			);
			name = "Embed Frameworks";
			runOnlyForDeploymentPostprocessing = 0;
		};
/* End PBXCopyFilesBuildPhase section */

/* Begin PBXFileReference section */
		C55DD8301D6B03B500F94F2B /* Swift-Alamofire.app */ = {isa = PBXFileReference; explicitFileType = wrapper.application; includeInIndex = 0; path = "Swift-Alamofire.app"; sourceTree = BUILT_PRODUCTS_DIR; };
		C55DD8331D6B03B500F94F2B /* AppDelegate.swift */ = {isa = PBXFileReference; lastKnownFileType = sourcecode.swift; path = AppDelegate.swift; sourceTree = "<group>"; };
		C55DD8351D6B03B500F94F2B /* ViewController.swift */ = {isa = PBXFileReference; lastKnownFileType = sourcecode.swift; path = ViewController.swift; sourceTree = "<group>"; };
		C55DD8381D6B03B500F94F2B /* Base */ = {isa = PBXFileReference; lastKnownFileType = file.storyboard; name = Base; path = Base.lproj/Main.storyboard; sourceTree = "<group>"; };
		C55DD83A1D6B03B500F94F2B /* Assets.xcassets */ = {isa = PBXFileReference; lastKnownFileType = folder.assetcatalog; path = Assets.xcassets; sourceTree = "<group>"; };
		C55DD83D1D6B03B500F94F2B /* Base */ = {isa = PBXFileReference; lastKnownFileType = file.storyboard; name = Base; path = Base.lproj/LaunchScreen.storyboard; sourceTree = "<group>"; };
		C55DD83F1D6B03B500F94F2B /* Info.plist */ = {isa = PBXFileReference; lastKnownFileType = text.plist.xml; path = Info.plist; sourceTree = "<group>"; };
		C55DD8451D6B03E500F94F2B /* Alamofire.xcodeproj */ = {isa = PBXFileReference; lastKnownFileType = "wrapper.pb-project"; name = Alamofire.xcodeproj; path = "Swift-Alamofire/Alamofire/Alamofire.xcodeproj"; sourceTree = "<group>"; };
/* End PBXFileReference section */

/* Begin PBXFrameworksBuildPhase section */
		C55DD82D1D6B03B500F94F2B /* Frameworks */ = {
			isa = PBXFrameworksBuildPhase;
			buildActionMask = 2147483647;
			files = (
				C55DD85B1D6B10FF00F94F2B /* Alamofire.framework in Frameworks */,
			);
			runOnlyForDeploymentPostprocessing = 0;
		};
/* End PBXFrameworksBuildPhase section */

/* Begin PBXGroup section */
		C55DD8271D6B03B500F94F2B = {
			isa = PBXGroup;
			children = (
				C55DD8451D6B03E500F94F2B /* Alamofire.xcodeproj */,
				C55DD8321D6B03B500F94F2B /* Swift-Alamofire */,
				C55DD8311D6B03B500F94F2B /* Products */,
			);
			sourceTree = "<group>";
		};
		C55DD8311D6B03B500F94F2B /* Products */ = {
			isa = PBXGroup;
			children = (
				C55DD8301D6B03B500F94F2B /* Swift-Alamofire.app */,
			);
			name = Products;
			sourceTree = "<group>";
		};
		C55DD8321D6B03B500F94F2B /* Swift-Alamofire */ = {
			isa = PBXGroup;
			children = (
				C55DD8331D6B03B500F94F2B /* AppDelegate.swift */,
				C55DD8351D6B03B500F94F2B /* ViewController.swift */,
				C55DD8371D6B03B500F94F2B /* Main.storyboard */,
				C55DD83A1D6B03B500F94F2B /* Assets.xcassets */,
				C55DD83C1D6B03B500F94F2B /* LaunchScreen.storyboard */,
				C55DD83F1D6B03B500F94F2B /* Info.plist */,
			);
			path = "Swift-Alamofire";
			sourceTree = "<group>";
		};
		C55DD8461D6B03E500F94F2B /* Products */ = {
			isa = PBXGroup;
			children = (
				C55DD84E1D6B03E600F94F2B /* Alamofire.framework */,
				C55DD8501D6B03E600F94F2B /* Alamofire.framework */,
				C55DD8521D6B03E600F94F2B /* Alamofire.framework */,
				C55DD8541D6B03E600F94F2B /* Alamofire.framework */,
			);
			name = Products;
			sourceTree = "<group>";
		};
/* End PBXGroup section */

/* Begin PBXNativeTarget section */
		C55DD82F1D6B03B500F94F2B /* Swift-Alamofire */ = {
			isa = PBXNativeTarget;
			buildConfigurationList = C55DD8421D6B03B500F94F2B /* Build configuration list for PBXNativeTarget "Swift-Alamofire" */;
			buildPhases = (
				C55DD82C1D6B03B500F94F2B /* Sources */,
				C55DD82D1D6B03B500F94F2B /* Frameworks */,
				C55DD82E1D6B03B500F94F2B /* Resources */,
				C55DD85F1D6B10FF00F94F2B /* Embed Frameworks */,
			);
			buildRules = (
			);
			dependencies = (
				C55DD85E1D6B10FF00F94F2B /* PBXTargetDependency */,
			);
			name = "Swift-Alamofire";
			productName = "Swift-Alamofire";
			productReference = C55DD8301D6B03B500F94F2B /* Swift-Alamofire.app */;
			productType = "com.apple.product-type.application";
		};
/* End PBXNativeTarget section */

/* Begin PBXProject section */
		C55DD8281D6B03B500F94F2B /* Project object */ = {
			isa = PBXProject;
			attributes = {
				LastSwiftUpdateCheck = 0730;
				LastUpgradeCheck = 0730;
				ORGANIZATIONNAME = YouXianMing;
				TargetAttributes = {
					C55DD82F1D6B03B500F94F2B = {
						CreatedOnToolsVersion = 7.3.1;
					};
				};
			};
			buildConfigurationList = C55DD82B1D6B03B500F94F2B /* Build configuration list for PBXProject "Swift-Alamofire" */;
			compatibilityVersion = "Xcode 3.2";
			developmentRegion = English;
			hasScannedForEncodings = 0;
			knownRegions = (
				en,
				Base,
			);
			mainGroup = C55DD8271D6B03B500F94F2B;
			productRefGroup = C55DD8311D6B03B500F94F2B /* Products */;
			projectDirPath = "";
			projectReferences = (
				{
					ProductGroup = C55DD8461D6B03E500F94F2B /* Products */;
					ProjectRef = C55DD8451D6B03E500F94F2B /* Alamofire.xcodeproj */;
				},
			);
			projectRoot = "";
			targets = (
				C55DD82F1D6B03B500F94F2B /* Swift-Alamofire */,
			);
		};
/* End PBXProject section */

/* Begin PBXReferenceProxy section */
		C55DD84E1D6B03E600F94F2B /* Alamofire.framework */ = {
			isa = PBXReferenceProxy;
			fileType = wrapper.framework;
			path = Alamofire.framework;
			remoteRef = C55DD84D1D6B03E600F94F2B /* PBXContainerItemProxy */;
			sourceTree = BUILT_PRODUCTS_DIR;
		};
		C55DD8501D6B03E600F94F2B /* Alamofire.framework */ = {
			isa = PBXReferenceProxy;
			fileType = wrapper.framework;
			path = Alamofire.framework;
			remoteRef = C55DD84F1D6B03E600F94F2B /* PBXContainerItemProxy */;
			sourceTree = BUILT_PRODUCTS_DIR;
		};
		C55DD8521D6B03E600F94F2B /* Alamofire.framework */ = {
			isa = PBXReferenceProxy;
			fileType = wrapper.framework;
			path = Alamofire.framework;
			remoteRef = C55DD8511D6B03E600F94F2B /* PBXContainerItemProxy */;
			sourceTree = BUILT_PRODUCTS_DIR;
		};
		C55DD8541D6B03E600F94F2B /* Alamofire.framework */ = {
			isa = PBXReferenceProxy;
			fileType = wrapper.framework;
			path = Alamofire.framework;
			remoteRef = C55DD8531D6B03E600F94F2B /* PBXContainerItemProxy */;
			sourceTree = BUILT_PRODUCTS_DIR;
		};
/* End PBXReferenceProxy section */

/* Begin PBXResourcesBuildPhase section */
		C55DD82E1D6B03B500F94F2B /* Resources */ = {
			isa = PBXResourcesBuildPhase;
			buildActionMask = 2147483647;
			files = (
				C55DD83E1D6B03B500F94F2B /* LaunchScreen.storyboard in Resources */,
				C55DD83B1D6B03B500F94F2B /* Assets.xcassets in Resources */,
				C55DD8391D6B03B500F94F2B /* Main.storyboard in Resources */,
			);
			runOnlyForDeploymentPostprocessing = 0;
		};
/* End PBXResourcesBuildPhase section */

/* Begin PBXSourcesBuildPhase section */
		C55DD82C1D6B03B500F94F2B /* Sources */ = {
			isa = PBXSourcesBuildPhase;
			buildActionMask = 2147483647;
			files = (
				C55DD8361D6B03B500F94F2B /* ViewController.swift in Sources */,
				C55DD8341D6B03B500F94F2B /* AppDelegate.swift in Sources */,
			);
			runOnlyForDeploymentPostprocessing = 0;
		};
/* End PBXSourcesBuildPhase section */

/* Begin PBXTargetDependency section */
		C55DD85E1D6B10FF00F94F2B /* PBXTargetDependency */ = {
			isa = PBXTargetDependency;
			name = "Alamofire iOS";
			targetProxy = C55DD85D1D6B10FF00F94F2B /* PBXContainerItemProxy */;
		};
/* End PBXTargetDependency section */

/* Begin PBXVariantGroup section */
		C55DD8371D6B03B500F94F2B /* Main.storyboard */ = {
			isa = PBXVariantGroup;
			children = (
				C55DD8381D6B03B500F94F2B /* Base */,
			);
			name = Main.storyboard;
			sourceTree = "<group>";
		};
		C55DD83C1D6B03B500F94F2B /* LaunchScreen.storyboard */ = {
			isa = PBXVariantGroup;
			children = (
				C55DD83D1D6B03B500F94F2B /* Base */,
			);
			name = LaunchScreen.storyboard;
			sourceTree = "<group>";
		};
/* End PBXVariantGroup section */

/* Begin XCBuildConfiguration section */
		C55DD8401D6B03B500F94F2B /* Debug */ = {
			isa = XCBuildConfiguration;
			buildSettings = {
				ALWAYS_SEARCH_USER_PATHS = NO;
				CLANG_ANALYZER_NONNULL = YES;
				CLANG_CXX_LANGUAGE_STANDARD = "gnu++0x";
				CLANG_CXX_LIBRARY = "libc++";
				CLANG_ENABLE_MODULES = YES;
				CLANG_ENABLE_OBJC_ARC = YES;
				CLANG_WARN_BOOL_CONVERSION = YES;
				CLANG_WARN_CONSTANT_CONVERSION = YES;
				CLANG_WARN_DIRECT_OBJC_ISA_USAGE = YES_ERROR;
				CLANG_WARN_EMPTY_BODY = YES;
				CLANG_WARN_ENUM_CONVERSION = YES;
				CLANG_WARN_INT_CONVERSION = YES;
				CLANG_WARN_OBJC_ROOT_CLASS = YES_ERROR;
				CLANG_WARN_UNREACHABLE_CODE = YES;
				CLANG_WARN__DUPLICATE_METHOD_MATCH = YES;
				"CODE_SIGN_IDENTITY[sdk=iphoneos*]" = "iPhone Developer";
				COPY_PHASE_STRIP = NO;
				DEBUG_INFORMATION_FORMAT = dwarf;
				ENABLE_STRICT_OBJC_MSGSEND = YES;
				ENABLE_TESTABILITY = YES;
				GCC_C_LANGUAGE_STANDARD = gnu99;
				GCC_DYNAMIC_NO_PIC = NO;
				GCC_NO_COMMON_BLOCKS = YES;
				GCC_OPTIMIZATION_LEVEL = 0;
				GCC_PREPROCESSOR_DEFINITIONS = (
					"DEBUG=1",
					"$(inherited)",
				);
				GCC_WARN_64_TO_32_BIT_CONVERSION = YES;
				GCC_WARN_ABOUT_RETURN_TYPE = YES_ERROR;
				GCC_WARN_UNDECLARED_SELECTOR = YES;
				GCC_WARN_UNINITIALIZED_AUTOS = YES_AGGRESSIVE;
				GCC_WARN_UNUSED_FUNCTION = YES;
				GCC_WARN_UNUSED_VARIABLE = YES;
				IPHONEOS_DEPLOYMENT_TARGET = 9.3;
				MTL_ENABLE_DEBUG_INFO = YES;
				ONLY_ACTIVE_ARCH = YES;
				SDKROOT = iphoneos;
				SWIFT_OPTIMIZATION_LEVEL = "-Onone";
			};
			name = Debug;
		};
		C55DD8411D6B03B500F94F2B /* Release */ = {
			isa = XCBuildConfiguration;
			buildSettings = {
				ALWAYS_SEARCH_USER_PATHS = NO;
				CLANG_ANALYZER_NONNULL = YES;
				CLANG_CXX_LANGUAGE_STANDARD = "gnu++0x";
				CLANG_CXX_LIBRARY = "libc++";
				CLANG_ENABLE_MODULES = YES;
				CLANG_ENABLE_OBJC_ARC = YES;
				CLANG_WARN_BOOL_CONVERSION = YES;
				CLANG_WARN_CONSTANT_CONVERSION = YES;
				CLANG_WARN_DIRECT_OBJC_ISA_USAGE = YES_ERROR;
				CLANG_WARN_EMPTY_BODY = YES;
				CLANG_WARN_ENUM_CONVERSION = YES;
				CLANG_WARN_INT_CONVERSION = YES;
				CLANG_WARN_OBJC_ROOT_CLASS = YES_ERROR;
				CLANG_WARN_UNREACHABLE_CODE = YES;
				CLANG_WARN__DUPLICATE_METHOD_MATCH = YES;
				"CODE_SIGN_IDENTITY[sdk=iphoneos*]" = "iPhone Developer";
				COPY_PHASE_STRIP = NO;
				DEBUG_INFORMATION_FORMAT = "dwarf-with-dsym";
				ENABLE_NS_ASSERTIONS = NO;
				ENABLE_STRICT_OBJC_MSGSEND = YES;
				GCC_C_LANGUAGE_STANDARD = gnu99;
				GCC_NO_COMMON_BLOCKS = YES;
				GCC_WARN_64_TO_32_BIT_CONVERSION = YES;
				GCC_WARN_ABOUT_RETURN_TYPE = YES_ERROR;
				GCC_WARN_UNDECLARED_SELECTOR = YES;
				GCC_WARN_UNINITIALIZED_AUTOS = YES_AGGRESSIVE;
				GCC_WARN_UNUSED_FUNCTION = YES;
				GCC_WARN_UNUSED_VARIABLE = YES;
				IPHONEOS_DEPLOYMENT_TARGET = 9.3;
				MTL_ENABLE_DEBUG_INFO = NO;
				SDKROOT = iphoneos;
				VALIDATE_PRODUCT = YES;
			};
			name = Release;
		};
		C55DD8431D6B03B500F94F2B /* Debug */ = {
			isa = XCBuildConfiguration;
			buildSettings = {
				ASSETCATALOG_COMPILER_APPICON_NAME = AppIcon;
				EMBEDDED_CONTENT_CONTAINS_SWIFT = YES;
				INFOPLIST_FILE = "Swift-Alamofire/Info.plist";
				LD_RUNPATH_SEARCH_PATHS = "$(inherited) @executable_path/Frameworks";
				PRODUCT_BUNDLE_IDENTIFIER = "com.YouXianMing.Swift-Alamofire";
				PRODUCT_NAME = "$(TARGET_NAME)";
			};
			name = Debug;
		};
		C55DD8441D6B03B500F94F2B /* Release */ = {
			isa = XCBuildConfiguration;
			buildSettings = {
				ASSETCATALOG_COMPILER_APPICON_NAME = AppIcon;
				EMBEDDED_CONTENT_CONTAINS_SWIFT = YES;
				INFOPLIST_FILE = "Swift-Alamofire/Info.plist";
				LD_RUNPATH_SEARCH_PATHS = "$(inherited) @executable_path/Frameworks";
				PRODUCT_BUNDLE_IDENTIFIER = "com.YouXianMing.Swift-Alamofire";
				PRODUCT_NAME = "$(TARGET_NAME)";
			};
			name = Release;
		};
/* End XCBuildConfiguration section */

/* Begin XCConfigurationList section */
		C55DD82B1D6B03B500F94F2B /* Build configuration list for PBXProject "Swift-Alamofire" */ = {
			isa = XCConfigurationList;
			buildConfigurations = (
				C55DD8401D6B03B500F94F2B /* Debug */,
				C55DD8411D6B03B500F94F2B /* Release */,
			);
			defaultConfigurationIsVisible = 0;
			defaultConfigurationName = Release;
		};
		C55DD8421D6B03B500F94F2B /* Build configuration list for PBXNativeTarget "Swift-Alamofire" */ = {
			isa = XCConfigurationList;
			buildConfigurations = (
				C55DD8431D6B03B500F94F2B /* Debug */,
				C55DD8441D6B03B500F94F2B /* Release */,
			);
			defaultConfigurationIsVisible = 0;
			defaultConfigurationName = Release;
		};
/* End XCConfigurationList section */
	};
	rootObject = C55DD8281D6B03B500F94F2B /* Project object */;
}
