// !$*UTF8*$!
{
	archiveVersion = 1;
	classes = {
	};
	objectVersion = 46;
	objects = {

/* Begin PBXBuildFile section */
		102A103E1C97E8BD00BF3F1B /* AbsRequestParameterSerializer.m in Sources */ = {isa = PBXBuildFile; fileRef = 102A103D1C97E8BD00BF3F1B /* AbsRequestParameterSerializer.m */; };
		109604B61C93962700CCB3AD /* main.m in Sources */ = {isa = PBXBuildFile; fileRef = 109604B51C93962700CCB3AD /* main.m */; };
		109604B91C93962700CCB3AD /* AppDelegate.m in Sources */ = {isa = PBXBuildFile; fileRef = 109604B81C93962700CCB3AD /* AppDelegate.m */; };
		109604BC1C93962700CCB3AD /* ViewController.m in Sources */ = {isa = PBXBuildFile; fileRef = 109604BB1C93962700CCB3AD /* ViewController.m */; };
		109604BF1C93962700CCB3AD /* Main.storyboard in Resources */ = {isa = PBXBuildFile; fileRef = 109604BD1C93962700CCB3AD /* Main.storyboard */; };
		109604C11C93962700CCB3AD /* Assets.xcassets in Resources */ = {isa = PBXBuildFile; fileRef = 109604C01C93962700CCB3AD /* Assets.xcassets */; };
		109604C41C93962700CCB3AD /* LaunchScreen.storyboard in Resources */ = {isa = PBXBuildFile; fileRef = 109604C21C93962700CCB3AD /* LaunchScreen.storyboard */; };
		109604D01C9397A600CCB3AD /* AbsNetworking.m in Sources */ = {isa = PBXBuildFile; fileRef = 109604CF1C9397A600CCB3AD /* AbsNetworking.m */; };
		109604D41C93986900CCB3AD /* RequestMethodType.m in Sources */ = {isa = PBXBuildFile; fileRef = 109604D31C93986900CCB3AD /* RequestMethodType.m */; };
		109604D71C9398A900CCB3AD /* RequestBodyType.m in Sources */ = {isa = PBXBuildFile; fileRef = 109604D61C9398A900CCB3AD /* RequestBodyType.m */; };
		109604DA1C9398F900CCB3AD /* ResponseDataType.m in Sources */ = {isa = PBXBuildFile; fileRef = 109604D91C9398F900CCB3AD /* ResponseDataType.m */; };
		109604E21C939B4F00CCB3AD /* AbsResponseDataSerializer.m in Sources */ = {isa = PBXBuildFile; fileRef = 109604E11C939B4F00CCB3AD /* AbsResponseDataSerializer.m */; };
		109604E51C939E6B00CCB3AD /* AbsNetworkingIndicator.m in Sources */ = {isa = PBXBuildFile; fileRef = 109604E41C939E6B00CCB3AD /* AbsNetworkingIndicator.m */; };
		109604E81C939E9500CCB3AD /* AbsNetworkingReachability.m in Sources */ = {isa = PBXBuildFile; fileRef = 109604E71C939E9500CCB3AD /* AbsNetworkingReachability.m */; };
		1096050D1C939F0800CCB3AD /* AFHTTPSessionManager.m in Sources */ = {isa = PBXBuildFile; fileRef = 109604EC1C939F0800CCB3AD /* AFHTTPSessionManager.m */; };
		1096050E1C939F0800CCB3AD /* AFNetworkReachabilityManager.m in Sources */ = {isa = PBXBuildFile; fileRef = 109604EF1C939F0800CCB3AD /* AFNetworkReachabilityManager.m */; };
		1096050F1C939F0800CCB3AD /* AFSecurityPolicy.m in Sources */ = {isa = PBXBuildFile; fileRef = 109604F11C939F0800CCB3AD /* AFSecurityPolicy.m */; };
		109605101C939F0800CCB3AD /* AFURLRequestSerialization.m in Sources */ = {isa = PBXBuildFile; fileRef = 109604F31C939F0800CCB3AD /* AFURLRequestSerialization.m */; };
		109605111C939F0800CCB3AD /* AFURLResponseSerialization.m in Sources */ = {isa = PBXBuildFile; fileRef = 109604F51C939F0800CCB3AD /* AFURLResponseSerialization.m */; };
		109605121C939F0800CCB3AD /* AFURLSessionManager.m in Sources */ = {isa = PBXBuildFile; fileRef = 109604F71C939F0800CCB3AD /* AFURLSessionManager.m */; };
		109605131C939F0800CCB3AD /* AFAutoPurgingImageCache.m in Sources */ = {isa = PBXBuildFile; fileRef = 109604FA1C939F0800CCB3AD /* AFAutoPurgingImageCache.m */; };
		109605141C939F0800CCB3AD /* AFImageDownloader.m in Sources */ = {isa = PBXBuildFile; fileRef = 109604FC1C939F0800CCB3AD /* AFImageDownloader.m */; };
		109605151C939F0800CCB3AD /* AFNetworkActivityIndicatorManager.m in Sources */ = {isa = PBXBuildFile; fileRef = 109604FE1C939F0800CCB3AD /* AFNetworkActivityIndicatorManager.m */; };
		109605161C939F0800CCB3AD /* UIActivityIndicatorView+AFNetworking.m in Sources */ = {isa = PBXBuildFile; fileRef = 109605001C939F0800CCB3AD /* UIActivityIndicatorView+AFNetworking.m */; };
		109605171C939F0800CCB3AD /* UIButton+AFNetworking.m in Sources */ = {isa = PBXBuildFile; fileRef = 109605021C939F0800CCB3AD /* UIButton+AFNetworking.m */; };
		109605181C939F0800CCB3AD /* UIImageView+AFNetworking.m in Sources */ = {isa = PBXBuildFile; fileRef = 109605051C939F0800CCB3AD /* UIImageView+AFNetworking.m */; };
		109605191C939F0800CCB3AD /* UIProgressView+AFNetworking.m in Sources */ = {isa = PBXBuildFile; fileRef = 109605081C939F0800CCB3AD /* UIProgressView+AFNetworking.m */; };
		1096051A1C939F0800CCB3AD /* UIRefreshControl+AFNetworking.m in Sources */ = {isa = PBXBuildFile; fileRef = 1096050A1C939F0800CCB3AD /* UIRefreshControl+AFNetworking.m */; };
		1096051B1C939F0800CCB3AD /* UIWebView+AFNetworking.m in Sources */ = {isa = PBXBuildFile; fileRef = 1096050C1C939F0800CCB3AD /* UIWebView+AFNetworking.m */; };
		1096051F1C939F3700CCB3AD /* Networking.m in Sources */ = {isa = PBXBuildFile; fileRef = 1096051E1C939F3700CCB3AD /* Networking.m */; };
		109605221C93AC1500CCB3AD /* NetworkingIndicator.m in Sources */ = {isa = PBXBuildFile; fileRef = 109605211C93AC1500CCB3AD /* NetworkingIndicator.m */; };
		109605251C93AC5100CCB3AD /* NetworkingReachability.m in Sources */ = {isa = PBXBuildFile; fileRef = 109605241C93AC5100CCB3AD /* NetworkingReachability.m */; };
		109605281C93AD2A00CCB3AD /* WeatherInfoModel.m in Sources */ = {isa = PBXBuildFile; fileRef = 109605271C93AD2A00CCB3AD /* WeatherInfoModel.m */; };
		1096052B1C93AD7D00CCB3AD /* WeatherDataSerializer.m in Sources */ = {isa = PBXBuildFile; fileRef = 1096052A1C93AD7D00CCB3AD /* WeatherDataSerializer.m */; };
/* End PBXBuildFile section */

/* Begin PBXFileReference section */
		102A103C1C97E8BD00BF3F1B /* AbsRequestParameterSerializer.h */ = {isa = PBXFileReference; fileEncoding = 4; lastKnownFileType = sourcecode.c.h; path = AbsRequestParameterSerializer.h; sourceTree = "<group>"; };
		102A103D1C97E8BD00BF3F1B /* AbsRequestParameterSerializer.m */ = {isa = PBXFileReference; fileEncoding = 4; lastKnownFileType = sourcecode.c.objc; path = AbsRequestParameterSerializer.m; sourceTree = "<group>"; };
		109604B11C93962700CCB3AD /* AFNetworking-3.x.app */ = {isa = PBXFileReference; explicitFileType = wrapper.application; includeInIndex = 0; path = "AFNetworking-3.x.app"; sourceTree = BUILT_PRODUCTS_DIR; };
		109604B51C93962700CCB3AD /* main.m */ = {isa = PBXFileReference; lastKnownFileType = sourcecode.c.objc; path = main.m; sourceTree = "<group>"; };
		109604B71C93962700CCB3AD /* AppDelegate.h */ = {isa = PBXFileReference; lastKnownFileType = sourcecode.c.h; path = AppDelegate.h; sourceTree = "<group>"; };
		109604B81C93962700CCB3AD /* AppDelegate.m */ = {isa = PBXFileReference; lastKnownFileType = sourcecode.c.objc; path = AppDelegate.m; sourceTree = "<group>"; };
		109604BA1C93962700CCB3AD /* ViewController.h */ = {isa = PBXFileReference; lastKnownFileType = sourcecode.c.h; path = ViewController.h; sourceTree = "<group>"; };
		109604BB1C93962700CCB3AD /* ViewController.m */ = {isa = PBXFileReference; lastKnownFileType = sourcecode.c.objc; path = ViewController.m; sourceTree = "<group>"; };
		109604BE1C93962700CCB3AD /* Base */ = {isa = PBXFileReference; lastKnownFileType = file.storyboard; name = Base; path = Base.lproj/Main.storyboard; sourceTree = "<group>"; };
		109604C01C93962700CCB3AD /* Assets.xcassets */ = {isa = PBXFileReference; lastKnownFileType = folder.assetcatalog; path = Assets.xcassets; sourceTree = "<group>"; };
		109604C31C93962700CCB3AD /* Base */ = {isa = PBXFileReference; lastKnownFileType = file.storyboard; name = Base; path = Base.lproj/LaunchScreen.storyboard; sourceTree = "<group>"; };
		109604C51C93962700CCB3AD /* Info.plist */ = {isa = PBXFileReference; lastKnownFileType = text.plist.xml; path = Info.plist; sourceTree = "<group>"; };
		109604CE1C9397A600CCB3AD /* AbsNetworking.h */ = {isa = PBXFileReference; fileEncoding = 4; lastKnownFileType = sourcecode.c.h; path = AbsNetworking.h; sourceTree = "<group>"; };
		109604CF1C9397A600CCB3AD /* AbsNetworking.m */ = {isa = PBXFileReference; fileEncoding = 4; lastKnownFileType = sourcecode.c.objc; path = AbsNetworking.m; sourceTree = "<group>"; };
		109604D21C93986900CCB3AD /* RequestMethodType.h */ = {isa = PBXFileReference; fileEncoding = 4; lastKnownFileType = sourcecode.c.h; path = RequestMethodType.h; sourceTree = "<group>"; };
		109604D31C93986900CCB3AD /* RequestMethodType.m */ = {isa = PBXFileReference; fileEncoding = 4; lastKnownFileType = sourcecode.c.objc; path = RequestMethodType.m; sourceTree = "<group>"; };
		109604D51C9398A900CCB3AD /* RequestBodyType.h */ = {isa = PBXFileReference; fileEncoding = 4; lastKnownFileType = sourcecode.c.h; path = RequestBodyType.h; sourceTree = "<group>"; };
		109604D61C9398A900CCB3AD /* RequestBodyType.m */ = {isa = PBXFileReference; fileEncoding = 4; lastKnownFileType = sourcecode.c.objc; path = RequestBodyType.m; sourceTree = "<group>"; };
		109604D81C9398F900CCB3AD /* ResponseDataType.h */ = {isa = PBXFileReference; fileEncoding = 4; lastKnownFileType = sourcecode.c.h; path = ResponseDataType.h; sourceTree = "<group>"; };
		109604D91C9398F900CCB3AD /* ResponseDataType.m */ = {isa = PBXFileReference; fileEncoding = 4; lastKnownFileType = sourcecode.c.objc; path = ResponseDataType.m; sourceTree = "<group>"; };
		109604E01C939B4F00CCB3AD /* AbsResponseDataSerializer.h */ = {isa = PBXFileReference; fileEncoding = 4; lastKnownFileType = sourcecode.c.h; path = AbsResponseDataSerializer.h; sourceTree = "<group>"; };
		109604E11C939B4F00CCB3AD /* AbsResponseDataSerializer.m */ = {isa = PBXFileReference; fileEncoding = 4; lastKnownFileType = sourcecode.c.objc; path = AbsResponseDataSerializer.m; sourceTree = "<group>"; };
		109604E31C939E6B00CCB3AD /* AbsNetworkingIndicator.h */ = {isa = PBXFileReference; fileEncoding = 4; lastKnownFileType = sourcecode.c.h; path = AbsNetworkingIndicator.h; sourceTree = "<group>"; };
		109604E41C939E6B00CCB3AD /* AbsNetworkingIndicator.m */ = {isa = PBXFileReference; fileEncoding = 4; lastKnownFileType = sourcecode.c.objc; path = AbsNetworkingIndicator.m; sourceTree = "<group>"; };
		109604E61C939E9500CCB3AD /* AbsNetworkingReachability.h */ = {isa = PBXFileReference; fileEncoding = 4; lastKnownFileType = sourcecode.c.h; path = AbsNetworkingReachability.h; sourceTree = "<group>"; };
		109604E71C939E9500CCB3AD /* AbsNetworkingReachability.m */ = {isa = PBXFileReference; fileEncoding = 4; lastKnownFileType = sourcecode.c.objc; path = AbsNetworkingReachability.m; sourceTree = "<group>"; };
		109604EB1C939F0800CCB3AD /* AFHTTPSessionManager.h */ = {isa = PBXFileReference; fileEncoding = 4; lastKnownFileType = sourcecode.c.h; path = AFHTTPSessionManager.h; sourceTree = "<group>"; };
		109604EC1C939F0800CCB3AD /* AFHTTPSessionManager.m */ = {isa = PBXFileReference; fileEncoding = 4; lastKnownFileType = sourcecode.c.objc; path = AFHTTPSessionManager.m; sourceTree = "<group>"; };
		109604ED1C939F0800CCB3AD /* AFNetworking.h */ = {isa = PBXFileReference; fileEncoding = 4; lastKnownFileType = sourcecode.c.h; path = AFNetworking.h; sourceTree = "<group>"; };
		109604EE1C939F0800CCB3AD /* AFNetworkReachabilityManager.h */ = {isa = PBXFileReference; fileEncoding = 4; lastKnownFileType = sourcecode.c.h; path = AFNetworkReachabilityManager.h; sourceTree = "<group>"; };
		109604EF1C939F0800CCB3AD /* AFNetworkReachabilityManager.m */ = {isa = PBXFileReference; fileEncoding = 4; lastKnownFileType = sourcecode.c.objc; path = AFNetworkReachabilityManager.m; sourceTree = "<group>"; };
		109604F01C939F0800CCB3AD /* AFSecurityPolicy.h */ = {isa = PBXFileReference; fileEncoding = 4; lastKnownFileType = sourcecode.c.h; path = AFSecurityPolicy.h; sourceTree = "<group>"; };
		109604F11C939F0800CCB3AD /* AFSecurityPolicy.m */ = {isa = PBXFileReference; fileEncoding = 4; lastKnownFileType = sourcecode.c.objc; path = AFSecurityPolicy.m; sourceTree = "<group>"; };
		109604F21C939F0800CCB3AD /* AFURLRequestSerialization.h */ = {isa = PBXFileReference; fileEncoding = 4; lastKnownFileType = sourcecode.c.h; path = AFURLRequestSerialization.h; sourceTree = "<group>"; };
		109604F31C939F0800CCB3AD /* AFURLRequestSerialization.m */ = {isa = PBXFileReference; fileEncoding = 4; lastKnownFileType = sourcecode.c.objc; path = AFURLRequestSerialization.m; sourceTree = "<group>"; };
		109604F41C939F0800CCB3AD /* AFURLResponseSerialization.h */ = {isa = PBXFileReference; fileEncoding = 4; lastKnownFileType = sourcecode.c.h; path = AFURLResponseSerialization.h; sourceTree = "<group>"; };
		109604F51C939F0800CCB3AD /* AFURLResponseSerialization.m */ = {isa = PBXFileReference; fileEncoding = 4; lastKnownFileType = sourcecode.c.objc; path = AFURLResponseSerialization.m; sourceTree = "<group>"; };
		109604F61C939F0800CCB3AD /* AFURLSessionManager.h */ = {isa = PBXFileReference; fileEncoding = 4; lastKnownFileType = sourcecode.c.h; path = AFURLSessionManager.h; sourceTree = "<group>"; };
		109604F71C939F0800CCB3AD /* AFURLSessionManager.m */ = {isa = PBXFileReference; fileEncoding = 4; lastKnownFileType = sourcecode.c.objc; path = AFURLSessionManager.m; sourceTree = "<group>"; };
		109604F91C939F0800CCB3AD /* AFAutoPurgingImageCache.h */ = {isa = PBXFileReference; fileEncoding = 4; lastKnownFileType = sourcecode.c.h; path = AFAutoPurgingImageCache.h; sourceTree = "<group>"; };
		109604FA1C939F0800CCB3AD /* AFAutoPurgingImageCache.m */ = {isa = PBXFileReference; fileEncoding = 4; lastKnownFileType = sourcecode.c.objc; path = AFAutoPurgingImageCache.m; sourceTree = "<group>"; };
		109604FB1C939F0800CCB3AD /* AFImageDownloader.h */ = {isa = PBXFileReference; fileEncoding = 4; lastKnownFileType = sourcecode.c.h; path = AFImageDownloader.h; sourceTree = "<group>"; };
		109604FC1C939F0800CCB3AD /* AFImageDownloader.m */ = {isa = PBXFileReference; fileEncoding = 4; lastKnownFileType = sourcecode.c.objc; path = AFImageDownloader.m; sourceTree = "<group>"; };
		109604FD1C939F0800CCB3AD /* AFNetworkActivityIndicatorManager.h */ = {isa = PBXFileReference; fileEncoding = 4; lastKnownFileType = sourcecode.c.h; path = AFNetworkActivityIndicatorManager.h; sourceTree = "<group>"; };
		109604FE1C939F0800CCB3AD /* AFNetworkActivityIndicatorManager.m */ = {isa = PBXFileReference; fileEncoding = 4; lastKnownFileType = sourcecode.c.objc; path = AFNetworkActivityIndicatorManager.m; sourceTree = "<group>"; };
		109604FF1C939F0800CCB3AD /* UIActivityIndicatorView+AFNetworking.h */ = {isa = PBXFileReference; fileEncoding = 4; lastKnownFileType = sourcecode.c.h; path = "UIActivityIndicatorView+AFNetworking.h"; sourceTree = "<group>"; };
		109605001C939F0800CCB3AD /* UIActivityIndicatorView+AFNetworking.m */ = {isa = PBXFileReference; fileEncoding = 4; lastKnownFileType = sourcecode.c.objc; path = "UIActivityIndicatorView+AFNetworking.m"; sourceTree = "<group>"; };
		109605011C939F0800CCB3AD /* UIButton+AFNetworking.h */ = {isa = PBXFileReference; fileEncoding = 4; lastKnownFileType = sourcecode.c.h; path = "UIButton+AFNetworking.h"; sourceTree = "<group>"; };
		109605021C939F0800CCB3AD /* UIButton+AFNetworking.m */ = {isa = PBXFileReference; fileEncoding = 4; lastKnownFileType = sourcecode.c.objc; path = "UIButton+AFNetworking.m"; sourceTree = "<group>"; };
		109605031C939F0800CCB3AD /* UIImage+AFNetworking.h */ = {isa = PBXFileReference; fileEncoding = 4; lastKnownFileType = sourcecode.c.h; path = "UIImage+AFNetworking.h"; sourceTree = "<group>"; };
		109605041C939F0800CCB3AD /* UIImageView+AFNetworking.h */ = {isa = PBXFileReference; fileEncoding = 4; lastKnownFileType = sourcecode.c.h; path = "UIImageView+AFNetworking.h"; sourceTree = "<group>"; };
		109605051C939F0800CCB3AD /* UIImageView+AFNetworking.m */ = {isa = PBXFileReference; fileEncoding = 4; lastKnownFileType = sourcecode.c.objc; path = "UIImageView+AFNetworking.m"; sourceTree = "<group>"; };
		109605061C939F0800CCB3AD /* UIKit+AFNetworking.h */ = {isa = PBXFileReference; fileEncoding = 4; lastKnownFileType = sourcecode.c.h; path = "UIKit+AFNetworking.h"; sourceTree = "<group>"; };
		109605071C939F0800CCB3AD /* UIProgressView+AFNetworking.h */ = {isa = PBXFileReference; fileEncoding = 4; lastKnownFileType = sourcecode.c.h; path = "UIProgressView+AFNetworking.h"; sourceTree = "<group>"; };
		109605081C939F0800CCB3AD /* UIProgressView+AFNetworking.m */ = {isa = PBXFileReference; fileEncoding = 4; lastKnownFileType = sourcecode.c.objc; path = "UIProgressView+AFNetworking.m"; sourceTree = "<group>"; };
		109605091C939F0800CCB3AD /* UIRefreshControl+AFNetworking.h */ = {isa = PBXFileReference; fileEncoding = 4; lastKnownFileType = sourcecode.c.h; path = "UIRefreshControl+AFNetworking.h"; sourceTree = "<group>"; };
		1096050A1C939F0800CCB3AD /* UIRefreshControl+AFNetworking.m */ = {isa = PBXFileReference; fileEncoding = 4; lastKnownFileType = sourcecode.c.objc; path = "UIRefreshControl+AFNetworking.m"; sourceTree = "<group>"; };
		1096050B1C939F0800CCB3AD /* UIWebView+AFNetworking.h */ = {isa = PBXFileReference; fileEncoding = 4; lastKnownFileType = sourcecode.c.h; path = "UIWebView+AFNetworking.h"; sourceTree = "<group>"; };
		1096050C1C939F0800CCB3AD /* UIWebView+AFNetworking.m */ = {isa = PBXFileReference; fileEncoding = 4; lastKnownFileType = sourcecode.c.objc; path = "UIWebView+AFNetworking.m"; sourceTree = "<group>"; };
		1096051D1C939F3700CCB3AD /* Networking.h */ = {isa = PBXFileReference; fileEncoding = 4; lastKnownFileType = sourcecode.c.h; path = Networking.h; sourceTree = "<group>"; };
		1096051E1C939F3700CCB3AD /* Networking.m */ = {isa = PBXFileReference; fileEncoding = 4; lastKnownFileType = sourcecode.c.objc; path = Networking.m; sourceTree = "<group>"; };
		109605201C93AC1500CCB3AD /* NetworkingIndicator.h */ = {isa = PBXFileReference; fileEncoding = 4; lastKnownFileType = sourcecode.c.h; path = NetworkingIndicator.h; sourceTree = "<group>"; };
		109605211C93AC1500CCB3AD /* NetworkingIndicator.m */ = {isa = PBXFileReference; fileEncoding = 4; lastKnownFileType = sourcecode.c.objc; path = NetworkingIndicator.m; sourceTree = "<group>"; };
		109605231C93AC5100CCB3AD /* NetworkingReachability.h */ = {isa = PBXFileReference; fileEncoding = 4; lastKnownFileType = sourcecode.c.h; path = NetworkingReachability.h; sourceTree = "<group>"; };
		109605241C93AC5100CCB3AD /* NetworkingReachability.m */ = {isa = PBXFileReference; fileEncoding = 4; lastKnownFileType = sourcecode.c.objc; path = NetworkingReachability.m; sourceTree = "<group>"; };
		109605261C93AD2A00CCB3AD /* WeatherInfoModel.h */ = {isa = PBXFileReference; fileEncoding = 4; lastKnownFileType = sourcecode.c.h; path = WeatherInfoModel.h; sourceTree = "<group>"; };
		109605271C93AD2A00CCB3AD /* WeatherInfoModel.m */ = {isa = PBXFileReference; fileEncoding = 4; lastKnownFileType = sourcecode.c.objc; path = WeatherInfoModel.m; sourceTree = "<group>"; };
		109605291C93AD7D00CCB3AD /* WeatherDataSerializer.h */ = {isa = PBXFileReference; fileEncoding = 4; lastKnownFileType = sourcecode.c.h; path = WeatherDataSerializer.h; sourceTree = "<group>"; };
		1096052A1C93AD7D00CCB3AD /* WeatherDataSerializer.m */ = {isa = PBXFileReference; fileEncoding = 4; lastKnownFileType = sourcecode.c.objc; path = WeatherDataSerializer.m; sourceTree = "<group>"; };
/* End PBXFileReference section */

/* Begin PBXFrameworksBuildPhase section */
		109604AE1C93962700CCB3AD /* Frameworks */ = {
			isa = PBXFrameworksBuildPhase;
			buildActionMask = 2147483647;
			files = (
			);
			runOnlyForDeploymentPostprocessing = 0;
		};
/* End PBXFrameworksBuildPhase section */

/* Begin PBXGroup section */
		109604A81C93962700CCB3AD = {
			isa = PBXGroup;
			children = (
				109604B31C93962700CCB3AD /* AFNetworking-3.x */,
				109604B21C93962700CCB3AD /* Products */,
			);
			sourceTree = "<group>";
		};
		109604B21C93962700CCB3AD /* Products */ = {
			isa = PBXGroup;
			children = (
				109604B11C93962700CCB3AD /* AFNetworking-3.x.app */,
			);
			name = Products;
			sourceTree = "<group>";
		};
		109604B31C93962700CCB3AD /* AFNetworking-3.x */ = {
			isa = PBXGroup;
			children = (
				1096052C1C93ADA200CCB3AD /* Model + Serializer */,
				109604B71C93962700CCB3AD /* AppDelegate.h */,
				109604B81C93962700CCB3AD /* AppDelegate.m */,
				109604BA1C93962700CCB3AD /* ViewController.h */,
				109604BB1C93962700CCB3AD /* ViewController.m */,
				1096051C1C939F1A00CCB3AD /* Networking */,
				109604D11C93982A00CCB3AD /* AbsNetworking */,
				109604E91C939EDF00CCB3AD /* AFNetworking-3.x */,
				109604BD1C93962700CCB3AD /* Main.storyboard */,
				109604C01C93962700CCB3AD /* Assets.xcassets */,
				109604C21C93962700CCB3AD /* LaunchScreen.storyboard */,
				109604C51C93962700CCB3AD /* Info.plist */,
				109604B41C93962700CCB3AD /* Supporting Files */,
			);
			path = "AFNetworking-3.x";
			sourceTree = "<group>";
		};
		109604B41C93962700CCB3AD /* Supporting Files */ = {
			isa = PBXGroup;
			children = (
				109604B51C93962700CCB3AD /* main.m */,
			);
			name = "Supporting Files";
			sourceTree = "<group>";
		};
		109604D11C93982A00CCB3AD /* AbsNetworking */ = {
			isa = PBXGroup;
			children = (
				109604CE1C9397A600CCB3AD /* AbsNetworking.h */,
				109604CF1C9397A600CCB3AD /* AbsNetworking.m */,
				109604D21C93986900CCB3AD /* RequestMethodType.h */,
				109604D31C93986900CCB3AD /* RequestMethodType.m */,
				109604D51C9398A900CCB3AD /* RequestBodyType.h */,
				109604D61C9398A900CCB3AD /* RequestBodyType.m */,
				109604D81C9398F900CCB3AD /* ResponseDataType.h */,
				109604D91C9398F900CCB3AD /* ResponseDataType.m */,
				102A103C1C97E8BD00BF3F1B /* AbsRequestParameterSerializer.h */,
				102A103D1C97E8BD00BF3F1B /* AbsRequestParameterSerializer.m */,
				109604E01C939B4F00CCB3AD /* AbsResponseDataSerializer.h */,
				109604E11C939B4F00CCB3AD /* AbsResponseDataSerializer.m */,
				109604E31C939E6B00CCB3AD /* AbsNetworkingIndicator.h */,
				109604E41C939E6B00CCB3AD /* AbsNetworkingIndicator.m */,
				109604E61C939E9500CCB3AD /* AbsNetworkingReachability.h */,
				109604E71C939E9500CCB3AD /* AbsNetworkingReachability.m */,
			);
			name = AbsNetworking;
			sourceTree = "<group>";
		};
		109604E91C939EDF00CCB3AD /* AFNetworking-3.x */ = {
			isa = PBXGroup;
			children = (
				109604EA1C939F0800CCB3AD /* AFNetworking */,
				109604F81C939F0800CCB3AD /* UIKit+AFNetworking */,
			);
			name = "AFNetworking-3.x";
			sourceTree = "<group>";
		};
		109604EA1C939F0800CCB3AD /* AFNetworking */ = {
			isa = PBXGroup;
			children = (
				109604EB1C939F0800CCB3AD /* AFHTTPSessionManager.h */,
				109604EC1C939F0800CCB3AD /* AFHTTPSessionManager.m */,
				109604ED1C939F0800CCB3AD /* AFNetworking.h */,
				109604EE1C939F0800CCB3AD /* AFNetworkReachabilityManager.h */,
				109604EF1C939F0800CCB3AD /* AFNetworkReachabilityManager.m */,
				109604F01C939F0800CCB3AD /* AFSecurityPolicy.h */,
				109604F11C939F0800CCB3AD /* AFSecurityPolicy.m */,
				109604F21C939F0800CCB3AD /* AFURLRequestSerialization.h */,
				109604F31C939F0800CCB3AD /* AFURLRequestSerialization.m */,
				109604F41C939F0800CCB3AD /* AFURLResponseSerialization.h */,
				109604F51C939F0800CCB3AD /* AFURLResponseSerialization.m */,
				109604F61C939F0800CCB3AD /* AFURLSessionManager.h */,
				109604F71C939F0800CCB3AD /* AFURLSessionManager.m */,
			);
			path = AFNetworking;
			sourceTree = "<group>";
		};
		109604F81C939F0800CCB3AD /* UIKit+AFNetworking */ = {
			isa = PBXGroup;
			children = (
				109604F91C939F0800CCB3AD /* AFAutoPurgingImageCache.h */,
				109604FA1C939F0800CCB3AD /* AFAutoPurgingImageCache.m */,
				109604FB1C939F0800CCB3AD /* AFImageDownloader.h */,
				109604FC1C939F0800CCB3AD /* AFImageDownloader.m */,
				109604FD1C939F0800CCB3AD /* AFNetworkActivityIndicatorManager.h */,
				109604FE1C939F0800CCB3AD /* AFNetworkActivityIndicatorManager.m */,
				109604FF1C939F0800CCB3AD /* UIActivityIndicatorView+AFNetworking.h */,
				109605001C939F0800CCB3AD /* UIActivityIndicatorView+AFNetworking.m */,
				109605011C939F0800CCB3AD /* UIButton+AFNetworking.h */,
				109605021C939F0800CCB3AD /* UIButton+AFNetworking.m */,
				109605031C939F0800CCB3AD /* UIImage+AFNetworking.h */,
				109605041C939F0800CCB3AD /* UIImageView+AFNetworking.h */,
				109605051C939F0800CCB3AD /* UIImageView+AFNetworking.m */,
				109605061C939F0800CCB3AD /* UIKit+AFNetworking.h */,
				109605071C939F0800CCB3AD /* UIProgressView+AFNetworking.h */,
				109605081C939F0800CCB3AD /* UIProgressView+AFNetworking.m */,
				109605091C939F0800CCB3AD /* UIRefreshControl+AFNetworking.h */,
				1096050A1C939F0800CCB3AD /* UIRefreshControl+AFNetworking.m */,
				1096050B1C939F0800CCB3AD /* UIWebView+AFNetworking.h */,
				1096050C1C939F0800CCB3AD /* UIWebView+AFNetworking.m */,
			);
			path = "UIKit+AFNetworking";
			sourceTree = "<group>";
		};
		1096051C1C939F1A00CCB3AD /* Networking */ = {
			isa = PBXGroup;
			children = (
				1096051D1C939F3700CCB3AD /* Networking.h */,
				1096051E1C939F3700CCB3AD /* Networking.m */,
				109605201C93AC1500CCB3AD /* NetworkingIndicator.h */,
				109605211C93AC1500CCB3AD /* NetworkingIndicator.m */,
				109605231C93AC5100CCB3AD /* NetworkingReachability.h */,
				109605241C93AC5100CCB3AD /* NetworkingReachability.m */,
			);
			name = Networking;
			sourceTree = "<group>";
		};
		1096052C1C93ADA200CCB3AD /* Model + Serializer */ = {
			isa = PBXGroup;
			children = (
				109605261C93AD2A00CCB3AD /* WeatherInfoModel.h */,
				109605271C93AD2A00CCB3AD /* WeatherInfoModel.m */,
				109605291C93AD7D00CCB3AD /* WeatherDataSerializer.h */,
				1096052A1C93AD7D00CCB3AD /* WeatherDataSerializer.m */,
			);
			name = "Model + Serializer";
			sourceTree = "<group>";
		};
/* End PBXGroup section */

/* Begin PBXNativeTarget section */
		109604B01C93962700CCB3AD /* AFNetworking-3.x */ = {
			isa = PBXNativeTarget;
			buildConfigurationList = 109604C81C93962700CCB3AD /* Build configuration list for PBXNativeTarget "AFNetworking-3.x" */;
			buildPhases = (
				109604AD1C93962700CCB3AD /* Sources */,
				109604AE1C93962700CCB3AD /* Frameworks */,
				109604AF1C93962700CCB3AD /* Resources */,
			);
			buildRules = (
			);
			dependencies = (
			);
			name = "AFNetworking-3.x";
			productName = "AFNetworking-3.x";
			productReference = 109604B11C93962700CCB3AD /* AFNetworking-3.x.app */;
			productType = "com.apple.product-type.application";
		};
/* End PBXNativeTarget section */

/* Begin PBXProject section */
		109604A91C93962700CCB3AD /* Project object */ = {
			isa = PBXProject;
			attributes = {
				LastUpgradeCheck = 0720;
				ORGANIZATIONNAME = YouXianMing;
				TargetAttributes = {
					109604B01C93962700CCB3AD = {
						CreatedOnToolsVersion = 7.2;
					};
				};
			};
			buildConfigurationList = 109604AC1C93962700CCB3AD /* Build configuration list for PBXProject "AFNetworking-3.x" */;
			compatibilityVersion = "Xcode 3.2";
			developmentRegion = English;
			hasScannedForEncodings = 0;
			knownRegions = (
				en,
				Base,
			);
			mainGroup = 109604A81C93962700CCB3AD;
			productRefGroup = 109604B21C93962700CCB3AD /* Products */;
			projectDirPath = "";
			projectRoot = "";
			targets = (
				109604B01C93962700CCB3AD /* AFNetworking-3.x */,
			);
		};
/* End PBXProject section */

/* Begin PBXResourcesBuildPhase section */
		109604AF1C93962700CCB3AD /* Resources */ = {
			isa = PBXResourcesBuildPhase;
			buildActionMask = 2147483647;
			files = (
				109604C41C93962700CCB3AD /* LaunchScreen.storyboard in Resources */,
				109604C11C93962700CCB3AD /* Assets.xcassets in Resources */,
				109604BF1C93962700CCB3AD /* Main.storyboard in Resources */,
			);
			runOnlyForDeploymentPostprocessing = 0;
		};
/* End PBXResourcesBuildPhase section */

/* Begin PBXSourcesBuildPhase section */
		109604AD1C93962700CCB3AD /* Sources */ = {
			isa = PBXSourcesBuildPhase;
			buildActionMask = 2147483647;
			files = (
				109605121C939F0800CCB3AD /* AFURLSessionManager.m in Sources */,
				1096050F1C939F0800CCB3AD /* AFSecurityPolicy.m in Sources */,
				109604E51C939E6B00CCB3AD /* AbsNetworkingIndicator.m in Sources */,
				1096050E1C939F0800CCB3AD /* AFNetworkReachabilityManager.m in Sources */,
				109605151C939F0800CCB3AD /* AFNetworkActivityIndicatorManager.m in Sources */,
				109605221C93AC1500CCB3AD /* NetworkingIndicator.m in Sources */,
				109605181C939F0800CCB3AD /* UIImageView+AFNetworking.m in Sources */,
				109604BC1C93962700CCB3AD /* ViewController.m in Sources */,
				109605161C939F0800CCB3AD /* UIActivityIndicatorView+AFNetworking.m in Sources */,
				1096051B1C939F0800CCB3AD /* UIWebView+AFNetworking.m in Sources */,
				109604D41C93986900CCB3AD /* RequestMethodType.m in Sources */,
				1096050D1C939F0800CCB3AD /* AFHTTPSessionManager.m in Sources */,
				109604B91C93962700CCB3AD /* AppDelegate.m in Sources */,
				109604E21C939B4F00CCB3AD /* AbsResponseDataSerializer.m in Sources */,
				109604B61C93962700CCB3AD /* main.m in Sources */,
				109604E81C939E9500CCB3AD /* AbsNetworkingReachability.m in Sources */,
				109605281C93AD2A00CCB3AD /* WeatherInfoModel.m in Sources */,
				109605141C939F0800CCB3AD /* AFImageDownloader.m in Sources */,
				1096051F1C939F3700CCB3AD /* Networking.m in Sources */,
				102A103E1C97E8BD00BF3F1B /* AbsRequestParameterSerializer.m in Sources */,
				109605191C939F0800CCB3AD /* UIProgressView+AFNetworking.m in Sources */,
				109605251C93AC5100CCB3AD /* NetworkingReachability.m in Sources */,
				109604DA1C9398F900CCB3AD /* ResponseDataType.m in Sources */,
				109605171C939F0800CCB3AD /* UIButton+AFNetworking.m in Sources */,
				109605101C939F0800CCB3AD /* AFURLRequestSerialization.m in Sources */,
				109604D01C9397A600CCB3AD /* AbsNetworking.m in Sources */,
				1096052B1C93AD7D00CCB3AD /* WeatherDataSerializer.m in Sources */,
				109605131C939F0800CCB3AD /* AFAutoPurgingImageCache.m in Sources */,
				1096051A1C939F0800CCB3AD /* UIRefreshControl+AFNetworking.m in Sources */,
				109605111C939F0800CCB3AD /* AFURLResponseSerialization.m in Sources */,
				109604D71C9398A900CCB3AD /* RequestBodyType.m in Sources */,
			);
			runOnlyForDeploymentPostprocessing = 0;
		};
/* End PBXSourcesBuildPhase section */

/* Begin PBXVariantGroup section */
		109604BD1C93962700CCB3AD /* Main.storyboard */ = {
			isa = PBXVariantGroup;
			children = (
				109604BE1C93962700CCB3AD /* Base */,
			);
			name = Main.storyboard;
			sourceTree = "<group>";
		};
		109604C21C93962700CCB3AD /* LaunchScreen.storyboard */ = {
			isa = PBXVariantGroup;
			children = (
				109604C31C93962700CCB3AD /* Base */,
			);
			name = LaunchScreen.storyboard;
			sourceTree = "<group>";
		};
/* End PBXVariantGroup section */

/* Begin XCBuildConfiguration section */
		109604C61C93962700CCB3AD /* Debug */ = {
			isa = XCBuildConfiguration;
			buildSettings = {
				ALWAYS_SEARCH_USER_PATHS = NO;
				CLANG_CXX_LANGUAGE_STANDARD = "gnu++0x";
				CLANG_CXX_LIBRARY = "libc++";
				CLANG_ENABLE_MODULES = YES;
				CLANG_ENABLE_OBJC_ARC = YES;
				CLANG_WARN_BOOL_CONVERSION = YES;
				CLANG_WARN_CONSTANT_CONVERSION = YES;
				CLANG_WARN_DIRECT_OBJC_ISA_USAGE = YES_ERROR;
				CLANG_WARN_EMPTY_BODY = YES;
				CLANG_WARN_ENUM_CONVERSION = YES;
				CLANG_WARN_INT_CONVERSION = YES;
				CLANG_WARN_OBJC_ROOT_CLASS = YES_ERROR;
				CLANG_WARN_UNREACHABLE_CODE = YES;
				CLANG_WARN__DUPLICATE_METHOD_MATCH = YES;
				"CODE_SIGN_IDENTITY[sdk=iphoneos*]" = "iPhone Developer";
				COPY_PHASE_STRIP = NO;
				DEBUG_INFORMATION_FORMAT = dwarf;
				ENABLE_STRICT_OBJC_MSGSEND = YES;
				ENABLE_TESTABILITY = YES;
				GCC_C_LANGUAGE_STANDARD = gnu99;
				GCC_DYNAMIC_NO_PIC = NO;
				GCC_NO_COMMON_BLOCKS = YES;
				GCC_OPTIMIZATION_LEVEL = 0;
				GCC_PREPROCESSOR_DEFINITIONS = (
					"DEBUG=1",
					"$(inherited)",
				);
				GCC_WARN_64_TO_32_BIT_CONVERSION = YES;
				GCC_WARN_ABOUT_RETURN_TYPE = YES_ERROR;
				GCC_WARN_UNDECLARED_SELECTOR = YES;
				GCC_WARN_UNINITIALIZED_AUTOS = YES_AGGRESSIVE;
				GCC_WARN_UNUSED_FUNCTION = YES;
				GCC_WARN_UNUSED_VARIABLE = YES;
				IPHONEOS_DEPLOYMENT_TARGET = 9.2;
				MTL_ENABLE_DEBUG_INFO = YES;
				ONLY_ACTIVE_ARCH = YES;
				SDKROOT = iphoneos;
			};
			name = Debug;
		};
		109604C71C93962700CCB3AD /* Release */ = {
			isa = XCBuildConfiguration;
			buildSettings = {
				ALWAYS_SEARCH_USER_PATHS = NO;
				CLANG_CXX_LANGUAGE_STANDARD = "gnu++0x";
				CLANG_CXX_LIBRARY = "libc++";
				CLANG_ENABLE_MODULES = YES;
				CLANG_ENABLE_OBJC_ARC = YES;
				CLANG_WARN_BOOL_CONVERSION = YES;
				CLANG_WARN_CONSTANT_CONVERSION = YES;
				CLANG_WARN_DIRECT_OBJC_ISA_USAGE = YES_ERROR;
				CLANG_WARN_EMPTY_BODY = YES;
				CLANG_WARN_ENUM_CONVERSION = YES;
				CLANG_WARN_INT_CONVERSION = YES;
				CLANG_WARN_OBJC_ROOT_CLASS = YES_ERROR;
				CLANG_WARN_UNREACHABLE_CODE = YES;
				CLANG_WARN__DUPLICATE_METHOD_MATCH = YES;
				"CODE_SIGN_IDENTITY[sdk=iphoneos*]" = "iPhone Developer";
				COPY_PHASE_STRIP = NO;
				DEBUG_INFORMATION_FORMAT = "dwarf-with-dsym";
				ENABLE_NS_ASSERTIONS = NO;
				ENABLE_STRICT_OBJC_MSGSEND = YES;
				GCC_C_LANGUAGE_STANDARD = gnu99;
				GCC_NO_COMMON_BLOCKS = YES;
				GCC_WARN_64_TO_32_BIT_CONVERSION = YES;
				GCC_WARN_ABOUT_RETURN_TYPE = YES_ERROR;
				GCC_WARN_UNDECLARED_SELECTOR = YES;
				GCC_WARN_UNINITIALIZED_AUTOS = YES_AGGRESSIVE;
				GCC_WARN_UNUSED_FUNCTION = YES;
				GCC_WARN_UNUSED_VARIABLE = YES;
				IPHONEOS_DEPLOYMENT_TARGET = 9.2;
				MTL_ENABLE_DEBUG_INFO = NO;
				SDKROOT = iphoneos;
				VALIDATE_PRODUCT = YES;
			};
			name = Release;
		};
		109604C91C93962700CCB3AD /* Debug */ = {
			isa = XCBuildConfiguration;
			buildSettings = {
				ASSETCATALOG_COMPILER_APPICON_NAME = AppIcon;
				INFOPLIST_FILE = "AFNetworking-3.x/Info.plist";
				LD_RUNPATH_SEARCH_PATHS = "$(inherited) @executable_path/Frameworks";
				PRODUCT_BUNDLE_IDENTIFIER = "com.YouXianMing.AFNetworking-3-x";
				PRODUCT_NAME = "$(TARGET_NAME)";
			};
			name = Debug;
		};
		109604CA1C93962700CCB3AD /* Release */ = {
			isa = XCBuildConfiguration;
			buildSettings = {
				ASSETCATALOG_COMPILER_APPICON_NAME = AppIcon;
				INFOPLIST_FILE = "AFNetworking-3.x/Info.plist";
				LD_RUNPATH_SEARCH_PATHS = "$(inherited) @executable_path/Frameworks";
				PRODUCT_BUNDLE_IDENTIFIER = "com.YouXianMing.AFNetworking-3-x";
				PRODUCT_NAME = "$(TARGET_NAME)";
			};
			name = Release;
		};
/* End XCBuildConfiguration section */

/* Begin XCConfigurationList section */
		109604AC1C93962700CCB3AD /* Build configuration list for PBXProject "AFNetworking-3.x" */ = {
			isa = XCConfigurationList;
			buildConfigurations = (
				109604C61C93962700CCB3AD /* Debug */,
				109604C71C93962700CCB3AD /* Release */,
			);
			defaultConfigurationIsVisible = 0;
			defaultConfigurationName = Release;
		};
		109604C81C93962700CCB3AD /* Build configuration list for PBXNativeTarget "AFNetworking-3.x" */ = {
			isa = XCConfigurationList;
			buildConfigurations = (
				109604C91C93962700CCB3AD /* Debug */,
				109604CA1C93962700CCB3AD /* Release */,
			);
			defaultConfigurationIsVisible = 0;
			defaultConfigurationName = Release;
		};
/* End XCConfigurationList section */
	};
	rootObject = 109604A91C93962700CCB3AD /* Project object */;
}
